PODS:
  - Crashlytics (3.8.4):
    - Fabric (~> 1.6.3)
  - Fabric (1.6.11)
  - FBAllocationTracker (0.1.5)
  - FBMemoryProfiler (0.1.3):
    - FBAllocationTracker (~> 0.1)
    - FBRetainCycleDetector (~> 0.1)
  - FBRetainCycleDetector (0.1.3)
  - Firebase/Core (4.0.2):
    - FirebaseAnalytics (= 4.0.1)
    - FirebaseCore (= 4.0.2)
  - FirebaseAnalytics (4.0.1):
    - FirebaseCore (~> 4.0)
    - FirebaseInstanceID (~> 2.0)
    - GoogleToolboxForMac/NSData+zlib (~> 2.1)
  - FirebaseCore (4.0.2):
    - GoogleToolboxForMac/NSData+zlib (~> 2.1)
  - FirebaseInstanceID (2.0.0):
    - FirebaseCore (~> 4.0)
  - GoogleToolboxForMac/Defines (2.1.1)
  - GoogleToolboxForMac/NSData+zlib (2.1.1):
    - GoogleToolboxForMac/Defines (= 2.1.1)
  - Mixpanel-swift (2.1.6)
  - Optimizely-iOS-SDK (1.7.0)
  - PromiseKit/CorePromise (4.2.2)
  - R.swift (3.3.0):
    - R.swift.Library (~> 3.0.2)
  - R.swift.Library (3.0.2)
  - SwiftMessages (3.3.4)

DEPENDENCIES:
  - Crashlytics
  - Fabric
  - FBMemoryProfiler
  - Firebase/Core
  - Mixpanel-swift
  - Optimizely-iOS-SDK
  - PromiseKit/CorePromise
  - R.swift
  - SwiftMessages

SPEC CHECKSUMS:
  Crashlytics: 79e236942ca1e7fc641df1feb9a275360a78ab6a
  Fabric: 5911403591946b8228ab1c51d98f1d7137e863c6
  FBAllocationTracker: dfdca3f71aceca6a85e95e3c6ec76a9785eba0f1
  FBMemoryProfiler: 623fc5f8a61f7d02ec75c87e3b97c90f621d8b02
  FBRetainCycleDetector: f0c7b290bf48ae77f6ae060843ce34ae341781eb
  Firebase: c7ad0731eab26d18a3fc547dd048b0f7cd9c63ae
  FirebaseAnalytics: 4d7040fefc3cd8b291cde35f12cf063d7963f15d
  FirebaseCore: 1a8bf6c795ad07d2918278657954ffd2552e9c17
  FirebaseInstanceID: 9fbf536668f4d3f0880e7438456dabd1376e294b
  GoogleToolboxForMac: 8e329f1b599f2512c6b10676d45736bcc2cbbeb0
  Mixpanel-swift: 5e7ed752055d70253f3bf5d7804634ad85d050ea
  Optimizely-iOS-SDK: e406016e617f84e823227c52131341dc20721319
  PromiseKit: 00e8886881f151c7e573d06b437915b0bb2970ec
  R.swift: bde9704d50ff36820f49e266bc88ef545e1e9b36
  R.swift.Library: fbdec16c9802ad104fc1ba53415dc190e6ec5c73
  SwiftMessages: 1172842c4d4af818704f90c50ec8dc597e55c9af

PODFILE CHECKSUM: 0cdfde0cf17c48253775891838371c6eb2799b51

COCOAPODS: 1.2.1
