// !$*UTF8*$!
{
	archiveVersion = 1;
	classes = {
	};
	objectVersion = 46;
	objects = {

/* Begin PBXBuildFile section */
		021A162132BB96C0F87761D2 /* AppDelegateBase.swift in Embed Sources */ = {isa = PBXBuildFile; fileRef = C4BE5AB41DA868AD00E1734F /* AppDelegateBase.swift */; };
		02B3A861FB0111E897DFA590 /* Globals.swift in Embed Sources */ = {isa = PBXBuildFile; fileRef = C4290F8B1EA3226B00CAD5AE /* Globals.swift */; };
		0EF20F61886A53420B48F22C /* UINavigationItem+MultipleButtonItemsCollections.swift in Embed Sources */ = {isa = PBXBuildFile; fileRef = C4BE5AA31DA85E7500E1734F /* UINavigationItem+MultipleButtonItemsCollections.swift */; };
		13CF5F71836A574664F70DC6 /* Mixpanel.swift in Embed Sources */ = {isa = PBXBuildFile; fileRef = C492B52F1E2E3E2D0072D2D9 /* Mixpanel.swift */; };
		15729882428F8DA1DE62523B /* UserMessages.swift in Embed Sources */ = {isa = PBXBuildFile; fileRef = C4BE5ADF1DAA5AE000E1734F /* UserMessages.swift */; };
		182D244F8A052355A872A0A1 /* Watchdog.swift in Embed Sources */ = {isa = PBXBuildFile; fileRef = C428E49F1FBC097E00DA2FFA /* Watchdog.swift */; };
		1DEBFD142759EBED4175BDFC /* UITableView+SnappingHeaderToTop.swift in Embed Sources */ = {isa = PBXBuildFile; fileRef = C4BE5AA21DA85E7500E1734F /* UITableView+SnappingHeaderToTop.swift */; };
		1F6D24DE164A07023EBE37C1 /* ModuleExports-GEFoundation.swift in Embed Sources */ = {isa = PBXBuildFile; fileRef = C4EB27FC1DFA35A400BF0843 /* ModuleExports-GEFoundation.swift */; };
		421BDE1C766C90F0F91920E9 /* UXCam.swift in Embed Sources */ = {isa = PBXBuildFile; fileRef = C4BE5A981DA85DE000E1734F /* UXCam.swift */; };
		43AAE2FBCAAF4C2321AC54CE /* ContainedViewControllersAwareNavigationControllerDelegate.swift in Embed Sources */ = {isa = PBXBuildFile; fileRef = C4BE5AA51DA85E7500E1734F /* ContainedViewControllersAwareNavigationControllerDelegate.swift */; };
		457383AE60C0BF4FEE7C301A /* Crashlytics.swift in Embed Sources */ = {isa = PBXBuildFile; fileRef = C4BE5A9E1DA85E0600E1734F /* Crashlytics.swift */; };
		68496E9B95B36342D3BD4F3D /* Analytics.swift in Embed Sources */ = {isa = PBXBuildFile; fileRef = C4BE5A961DA85DE000E1734F /* Analytics.swift */; };
		80C0C6F46C318C9454C662FA /* Optimizely.swift in Embed Sources */ = {isa = PBXBuildFile; fileRef = C45C54A01E2E58630039D16C /* Optimizely.swift */; };
		89B0CFF65D4A2C8E737569A8 /* UITabBarController+CVKHiearachySearcher.swift in Embed Sources */ = {isa = PBXBuildFile; fileRef = C4BE5AB01DA8664600E1734F /* UITabBarController+CVKHiearachySearcher.swift */; };
		98C03DBAF5C9641D4BAAA0D4 /* ModuleExports-GETracing.swift in Embed Sources */ = {isa = PBXBuildFile; fileRef = C4EB27FB1DFA35A400BF0843 /* ModuleExports-GETracing.swift */; };
		A1839A111FD83D78003313D6 /* GEDebugKit.framework in Frameworks */ = {isa = PBXBuildFile; fileRef = A1839A121FD83D78003313D6 /* GEDebugKit.framework */; };
		A438E6F95BE621182DE8A725 /* Firebase.swift in Embed Sources */ = {isa = PBXBuildFile; fileRef = C4134F501FCA605000178BE5 /* Firebase.swift */; };
		BF8C7FE5D7057D472126A7A5 /* Appsee.swift in Embed Sources */ = {isa = PBXBuildFile; fileRef = C4BE5A971DA85DE000E1734F /* Appsee.swift */; };
		C4134F511FCA605000178BE5 /* Firebase.swift in Sources */ = {isa = PBXBuildFile; fileRef = C4134F501FCA605000178BE5 /* Firebase.swift */; };
		C428E49D1FBC07B200DA2FFA /* Watchdog.framework in Frameworks */ = {isa = PBXBuildFile; fileRef = C428E49E1FBC07B200DA2FFA /* Watchdog.framework */; };
		C428E4A01FBC097E00DA2FFA /* Watchdog.swift in Sources */ = {isa = PBXBuildFile; fileRef = C428E49F1FBC097E00DA2FFA /* Watchdog.swift */; };
		C4290F8C1EA3226B00CAD5AE /* Globals.swift in Sources */ = {isa = PBXBuildFile; fileRef = C4290F8B1EA3226B00CAD5AE /* Globals.swift */; };
		C45C54A11E2E58630039D16C /* Optimizely.swift in Sources */ = {isa = PBXBuildFile; fileRef = C45C54A01E2E58630039D16C /* Optimizely.swift */; };
		C492B5301E2E3E2D0072D2D9 /* Mixpanel.swift in Sources */ = {isa = PBXBuildFile; fileRef = C492B52F1E2E3E2D0072D2D9 /* Mixpanel.swift */; };
		C49FF1BB1DBBA6F000A86CC0 /* GEUIKit.framework in Frameworks */ = {isa = PBXBuildFile; fileRef = C49FF1BA1DBBA6F000A86CC0 /* GEUIKit.framework */; };
		C4B0DC211FD23FBB005E587C /* JGProgressHUD.framework in Frameworks */ = {isa = PBXBuildFile; fileRef = C4B0DC221FD23FBB005E587C /* JGProgressHUD.framework */; };
		C4BE5A861DA85DA100E1734F /* RSSReaderAppConfig.framework in Frameworks */ = {isa = PBXBuildFile; fileRef = C4BE5A7C1DA85DA100E1734F /* RSSReaderAppConfig.framework */; };
		C4BE5A8B1DA85DA100E1734F /* RSSReaderAppConfigTests.swift in Sources */ = {isa = PBXBuildFile; fileRef = C4BE5A8A1DA85DA100E1734F /* RSSReaderAppConfigTests.swift */; };
		C4BE5A9A1DA85DE000E1734F /* Analytics.swift in Sources */ = {isa = PBXBuildFile; fileRef = C4BE5A961DA85DE000E1734F /* Analytics.swift */; };
		C4BE5A9B1DA85DE000E1734F /* Appsee.swift in Sources */ = {isa = PBXBuildFile; fileRef = C4BE5A971DA85DE000E1734F /* Appsee.swift */; };
		C4BE5A9C1DA85DE000E1734F /* UXCam.swift in Sources */ = {isa = PBXBuildFile; fileRef = C4BE5A981DA85DE000E1734F /* UXCam.swift */; };
		C4BE5A9D1DA85DE000E1734F /* Flurry.swift in Sources */ = {isa = PBXBuildFile; fileRef = C4BE5A991DA85DE000E1734F /* Flurry.swift */; };
		C4BE5A9F1DA85E0600E1734F /* Crashlytics.swift in Sources */ = {isa = PBXBuildFile; fileRef = C4BE5A9E1DA85E0600E1734F /* Crashlytics.swift */; };
		C4BE5AA11DA85E2400E1734F /* FileLogger.swift in Sources */ = {isa = PBXBuildFile; fileRef = C4BE5AA01DA85E2400E1734F /* FileLogger.swift */; };
		C4BE5AA61DA85E7500E1734F /* UITableView+SnappingHeaderToTop.swift in Sources */ = {isa = PBXBuildFile; fileRef = C4BE5AA21DA85E7500E1734F /* UITableView+SnappingHeaderToTop.swift */; };
		C4BE5AA71DA85E7500E1734F /* UINavigationItem+MultipleButtonItemsCollections.swift in Sources */ = {isa = PBXBuildFile; fileRef = C4BE5AA31DA85E7500E1734F /* UINavigationItem+MultipleButtonItemsCollections.swift */; };
		C4BE5AA91DA85E7500E1734F /* ContainedViewControllersAwareNavigationControllerDelegate.swift in Sources */ = {isa = PBXBuildFile; fileRef = C4BE5AA51DA85E7500E1734F /* ContainedViewControllersAwareNavigationControllerDelegate.swift */; };
		C4BE5AB11DA8664600E1734F /* UITabBarController+CVKHiearachySearcher.swift in Sources */ = {isa = PBXBuildFile; fileRef = C4BE5AB01DA8664600E1734F /* UITabBarController+CVKHiearachySearcher.swift */; };
		C4BE5AB51DA868AD00E1734F /* AppDelegateBase.swift in Sources */ = {isa = PBXBuildFile; fileRef = C4BE5AB41DA868AD00E1734F /* AppDelegateBase.swift */; };
		C4BE5ABA1DA86D8D00E1734F /* FBAllocationTracker.framework in Frameworks */ = {isa = PBXBuildFile; fileRef = C4BE5AB71DA86D8D00E1734F /* FBAllocationTracker.framework */; };
		C4BE5ABB1DA86D8D00E1734F /* FBMemoryProfiler.framework in Frameworks */ = {isa = PBXBuildFile; fileRef = C4BE5AB81DA86D8D00E1734F /* FBMemoryProfiler.framework */; };
		C4BE5ABC1DA86D8D00E1734F /* FBRetainCycleDetector.framework in Frameworks */ = {isa = PBXBuildFile; fileRef = C4BE5AB91DA86D8D00E1734F /* FBRetainCycleDetector.framework */; };
		C4BE5ADA1DA8712600E1734F /* RSSReaderAppConfigTests.swift in Embed Sources */ = {isa = PBXBuildFile; fileRef = C4BE5A8A1DA85DA100E1734F /* RSSReaderAppConfigTests.swift */; };
		C4BE5AE11DAA5AE000E1734F /* UserMessages.swift in Sources */ = {isa = PBXBuildFile; fileRef = C4BE5ADF1DAA5AE000E1734F /* UserMessages.swift */; };
		C4BE5AE21DAA5AE000E1734F /* Readability.swift in Sources */ = {isa = PBXBuildFile; fileRef = C4BE5AE01DAA5AE000E1734F /* Readability.swift */; };
		C4DA682D1E550A4B004615A0 /* Loggy.framework in Frameworks */ = {isa = PBXBuildFile; fileRef = C4DA682C1E550A4B004615A0 /* Loggy.framework */; };
		C4DA68321E58BDC4004615A0 /* Rswift.framework in Frameworks */ = {isa = PBXBuildFile; fileRef = C4DA68311E58BDC4004615A0 /* Rswift.framework */; };
		C4E4D6351E5FA48C007E0E39 /* PromiseKit.framework in Frameworks */ = {isa = PBXBuildFile; fileRef = C4E4D6341E5FA48C007E0E39 /* PromiseKit.framework */; };
		C4EB27FD1DFA35A400BF0843 /* ModuleExports-GETracing.swift in Sources */ = {isa = PBXBuildFile; fileRef = C4EB27FB1DFA35A400BF0843 /* ModuleExports-GETracing.swift */; };
		C4EB27FE1DFA35A400BF0843 /* ModuleExports-GEFoundation.swift in Sources */ = {isa = PBXBuildFile; fileRef = C4EB27FC1DFA35A400BF0843 /* ModuleExports-GEFoundation.swift */; };
		C4F738971DBD73820092F1D8 /* GEUIKit.framework in Frameworks */ = {isa = PBXBuildFile; fileRef = C49FF1BA1DBBA6F000A86CC0 /* GEUIKit.framework */; };
		C72553CA1A7D0378C08B8A97 /* FileLogger.swift in Embed Sources */ = {isa = PBXBuildFile; fileRef = C4BE5AA01DA85E2400E1734F /* FileLogger.swift */; };
		D4A450011113EACD1CF67423 /* Readability.swift in Embed Sources */ = {isa = PBXBuildFile; fileRef = C4BE5AE01DAA5AE000E1734F /* Readability.swift */; };
		DF5127D80666FFE362AAE268 /* Flurry.swift in Embed Sources */ = {isa = PBXBuildFile; fileRef = C4BE5A991DA85DE000E1734F /* Flurry.swift */; };
/* End PBXBuildFile section */

/* Begin PBXContainerItemProxy section */
		C4BE5A871DA85DA100E1734F /* PBXContainerItemProxy */ = {
			isa = PBXContainerItemProxy;
			containerPortal = C4BE5A731DA85DA100E1734F /* Project object */;
			proxyType = 1;
			remoteGlobalIDString = C4BE5A7B1DA85DA100E1734F;
			remoteInfo = RSSReaderAppConfig;
		};
/* End PBXContainerItemProxy section */

/* Begin PBXCopyFilesBuildPhase section */
		3C5156CDADDDE04EDC1D0C88 /* Embed Sources */ = {
			isa = PBXCopyFilesBuildPhase;
			buildActionMask = 2147483647;
			dstPath = "Sources/$(TARGET_NAME)";
			dstSubfolderSpec = 7;
			files = (
				43AAE2FBCAAF4C2321AC54CE /* ContainedViewControllersAwareNavigationControllerDelegate.swift in Embed Sources */,
				68496E9B95B36342D3BD4F3D /* Analytics.swift in Embed Sources */,
				1F6D24DE164A07023EBE37C1 /* ModuleExports-GEFoundation.swift in Embed Sources */,
				89B0CFF65D4A2C8E737569A8 /* UITabBarController+CVKHiearachySearcher.swift in Embed Sources */,
				182D244F8A052355A872A0A1 /* Watchdog.swift in Embed Sources */,
				0EF20F61886A53420B48F22C /* UINavigationItem+MultipleButtonItemsCollections.swift in Embed Sources */,
				457383AE60C0BF4FEE7C301A /* Crashlytics.swift in Embed Sources */,
				D4A450011113EACD1CF67423 /* Readability.swift in Embed Sources */,
				13CF5F71836A574664F70DC6 /* Mixpanel.swift in Embed Sources */,
				02B3A861FB0111E897DFA590 /* Globals.swift in Embed Sources */,
				A438E6F95BE621182DE8A725 /* Firebase.swift in Embed Sources */,
				BF8C7FE5D7057D472126A7A5 /* Appsee.swift in Embed Sources */,
				C72553CA1A7D0378C08B8A97 /* FileLogger.swift in Embed Sources */,
				98C03DBAF5C9641D4BAAA0D4 /* ModuleExports-GETracing.swift in Embed Sources */,
				1DEBFD142759EBED4175BDFC /* UITableView+SnappingHeaderToTop.swift in Embed Sources */,
				15729882428F8DA1DE62523B /* UserMessages.swift in Embed Sources */,
				021A162132BB96C0F87761D2 /* AppDelegateBase.swift in Embed Sources */,
				421BDE1C766C90F0F91920E9 /* UXCam.swift in Embed Sources */,
				DF5127D80666FFE362AAE268 /* Flurry.swift in Embed Sources */,
				80C0C6F46C318C9454C662FA /* Optimizely.swift in Embed Sources */,
			);
			name = "Embed Sources";
			runOnlyForDeploymentPostprocessing = 0;
		};
		C4BE5AC11DA86FDF00E1734F /* Embed Sources */ = {
			isa = PBXCopyFilesBuildPhase;
			buildActionMask = 2147483647;
			dstPath = "Sources/$(TARGET_NAME)";
			dstSubfolderSpec = 7;
			files = (
				C4BE5ADA1DA8712600E1734F /* RSSReaderAppConfigTests.swift in Embed Sources */,
			);
			name = "Embed Sources";
			runOnlyForDeploymentPostprocessing = 0;
		};
/* End PBXCopyFilesBuildPhase section */

/* Begin PBXFileReference section */
		A1839A121FD83D78003313D6 /* GEDebugKit.framework */ = {isa = PBXFileReference; explicitFileType = wrapper.framework; path = GEDebugKit.framework; sourceTree = BUILT_PRODUCTS_DIR; };
		C4134F501FCA605000178BE5 /* Firebase.swift */ = {isa = PBXFileReference; lastKnownFileType = sourcecode.swift; path = Firebase.swift; sourceTree = "<group>"; };
		C428E49E1FBC07B200DA2FFA /* Watchdog.framework */ = {isa = PBXFileReference; explicitFileType = wrapper.framework; path = Watchdog.framework; sourceTree = BUILT_PRODUCTS_DIR; };
		C428E49F1FBC097E00DA2FFA /* Watchdog.swift */ = {isa = PBXFileReference; lastKnownFileType = sourcecode.swift; path = Watchdog.swift; sourceTree = "<group>"; };
		C4290F8B1EA3226B00CAD5AE /* Globals.swift */ = {isa = PBXFileReference; fileEncoding = 4; lastKnownFileType = sourcecode.swift; path = Globals.swift; sourceTree = "<group>"; };
		C4595E0B1E2E444F0004D68D /* Mixpanel.framework */ = {isa = PBXFileReference; lastKnownFileType = wrapper.framework; path = Mixpanel.framework; sourceTree = BUILT_PRODUCTS_DIR; };
		C45C54A01E2E58630039D16C /* Optimizely.swift */ = {isa = PBXFileReference; fileEncoding = 4; lastKnownFileType = sourcecode.swift; path = Optimizely.swift; sourceTree = "<group>"; };
		C492B52F1E2E3E2D0072D2D9 /* Mixpanel.swift */ = {isa = PBXFileReference; fileEncoding = 4; lastKnownFileType = sourcecode.swift; path = Mixpanel.swift; sourceTree = "<group>"; };
		C49A79FE1E301EB600DE3702 /* RSSReaderAppConfig-debug.xcconfig */ = {isa = PBXFileReference; lastKnownFileType = text.xcconfig; name = "RSSReaderAppConfig-debug.xcconfig"; path = "RSSReaderAppConfig/RSSReaderAppConfig-debug.xcconfig"; sourceTree = "<group>"; };
		C49FF1BA1DBBA6F000A86CC0 /* GEUIKit.framework */ = {isa = PBXFileReference; lastKnownFileType = wrapper.framework; path = GEUIKit.framework; sourceTree = BUILT_PRODUCTS_DIR; };
		C4B0DC221FD23FBB005E587C /* JGProgressHUD.framework */ = {isa = PBXFileReference; explicitFileType = wrapper.framework; path = JGProgressHUD.framework; sourceTree = BUILT_PRODUCTS_DIR; };
		C4BE5A7C1DA85DA100E1734F /* RSSReaderAppConfig.framework */ = {isa = PBXFileReference; explicitFileType = wrapper.framework; includeInIndex = 0; path = RSSReaderAppConfig.framework; sourceTree = BUILT_PRODUCTS_DIR; };
		C4BE5A801DA85DA100E1734F /* Info.plist */ = {isa = PBXFileReference; lastKnownFileType = text.plist.xml; path = Info.plist; sourceTree = "<group>"; };
		C4BE5A851DA85DA100E1734F /* RSSReaderAppConfigTests.xctest */ = {isa = PBXFileReference; explicitFileType = wrapper.cfbundle; includeInIndex = 0; path = RSSReaderAppConfigTests.xctest; sourceTree = BUILT_PRODUCTS_DIR; };
		C4BE5A8A1DA85DA100E1734F /* RSSReaderAppConfigTests.swift */ = {isa = PBXFileReference; lastKnownFileType = sourcecode.swift; path = RSSReaderAppConfigTests.swift; sourceTree = "<group>"; };
		C4BE5A8C1DA85DA100E1734F /* Info.plist */ = {isa = PBXFileReference; lastKnownFileType = text.plist.xml; path = Info.plist; sourceTree = "<group>"; };
		C4BE5A961DA85DE000E1734F /* Analytics.swift */ = {isa = PBXFileReference; fileEncoding = 4; lastKnownFileType = sourcecode.swift; path = Analytics.swift; sourceTree = "<group>"; };
		C4BE5A971DA85DE000E1734F /* Appsee.swift */ = {isa = PBXFileReference; fileEncoding = 4; lastKnownFileType = sourcecode.swift; path = Appsee.swift; sourceTree = "<group>"; };
		C4BE5A981DA85DE000E1734F /* UXCam.swift */ = {isa = PBXFileReference; fileEncoding = 4; lastKnownFileType = sourcecode.swift; path = UXCam.swift; sourceTree = "<group>"; };
		C4BE5A991DA85DE000E1734F /* Flurry.swift */ = {isa = PBXFileReference; fileEncoding = 4; lastKnownFileType = sourcecode.swift; path = Flurry.swift; sourceTree = "<group>"; };
		C4BE5A9E1DA85E0600E1734F /* Crashlytics.swift */ = {isa = PBXFileReference; fileEncoding = 4; lastKnownFileType = sourcecode.swift; path = Crashlytics.swift; sourceTree = "<group>"; };
		C4BE5AA01DA85E2400E1734F /* FileLogger.swift */ = {isa = PBXFileReference; fileEncoding = 4; lastKnownFileType = sourcecode.swift; path = FileLogger.swift; sourceTree = "<group>"; };
		C4BE5AA21DA85E7500E1734F /* UITableView+SnappingHeaderToTop.swift */ = {isa = PBXFileReference; fileEncoding = 4; lastKnownFileType = sourcecode.swift; path = "UITableView+SnappingHeaderToTop.swift"; sourceTree = "<group>"; };
		C4BE5AA31DA85E7500E1734F /* UINavigationItem+MultipleButtonItemsCollections.swift */ = {isa = PBXFileReference; fileEncoding = 4; lastKnownFileType = sourcecode.swift; path = "UINavigationItem+MultipleButtonItemsCollections.swift"; sourceTree = "<group>"; };
		C4BE5AA51DA85E7500E1734F /* ContainedViewControllersAwareNavigationControllerDelegate.swift */ = {isa = PBXFileReference; fileEncoding = 4; lastKnownFileType = sourcecode.swift; path = ContainedViewControllersAwareNavigationControllerDelegate.swift; sourceTree = "<group>"; };
		C4BE5AAA1DA860C300E1734F /* GEShared.xcconfig */ = {isa = PBXFileReference; lastKnownFileType = text.xcconfig; name = GEShared.xcconfig; path = ../XcodeConfiguration/GEShared.xcconfig; sourceTree = "<group>"; };
		C4BE5AB01DA8664600E1734F /* UITabBarController+CVKHiearachySearcher.swift */ = {isa = PBXFileReference; fileEncoding = 4; lastKnownFileType = sourcecode.swift; path = "UITabBarController+CVKHiearachySearcher.swift"; sourceTree = "<group>"; };
		C4BE5AB41DA868AD00E1734F /* AppDelegateBase.swift */ = {isa = PBXFileReference; fileEncoding = 4; lastKnownFileType = sourcecode.swift; path = AppDelegateBase.swift; sourceTree = "<group>"; };
		C4BE5AB71DA86D8D00E1734F /* FBAllocationTracker.framework */ = {isa = PBXFileReference; lastKnownFileType = wrapper.framework; path = FBAllocationTracker.framework; sourceTree = BUILT_PRODUCTS_DIR; };
		C4BE5AB81DA86D8D00E1734F /* FBMemoryProfiler.framework */ = {isa = PBXFileReference; lastKnownFileType = wrapper.framework; path = FBMemoryProfiler.framework; sourceTree = BUILT_PRODUCTS_DIR; };
		C4BE5AB91DA86D8D00E1734F /* FBRetainCycleDetector.framework */ = {isa = PBXFileReference; lastKnownFileType = wrapper.framework; path = FBRetainCycleDetector.framework; sourceTree = BUILT_PRODUCTS_DIR; };
		C4BE5ADF1DAA5AE000E1734F /* UserMessages.swift */ = {isa = PBXFileReference; fileEncoding = 4; lastKnownFileType = sourcecode.swift; path = UserMessages.swift; sourceTree = "<group>"; };
		C4BE5AE01DAA5AE000E1734F /* Readability.swift */ = {isa = PBXFileReference; fileEncoding = 4; lastKnownFileType = sourcecode.swift; path = Readability.swift; sourceTree = "<group>"; };
		C4C1CE3A1E30BFCD00A2767B /* RSSReaderAppConfig-release.xcconfig */ = {isa = PBXFileReference; lastKnownFileType = text.xcconfig; name = "RSSReaderAppConfig-release.xcconfig"; path = "RSSReaderAppConfig/RSSReaderAppConfig-release.xcconfig"; sourceTree = "<group>"; };
		C4CB79181E3173AE00F89794 /* GoogleToolboxForMac.framework */ = {isa = PBXFileReference; lastKnownFileType = wrapper.framework; path = GoogleToolboxForMac.framework; sourceTree = BUILT_PRODUCTS_DIR; };
		C4DA682C1E550A4B004615A0 /* Loggy.framework */ = {isa = PBXFileReference; explicitFileType = wrapper.framework; path = Loggy.framework; sourceTree = BUILT_PRODUCTS_DIR; };
		C4DA68311E58BDC4004615A0 /* Rswift.framework */ = {isa = PBXFileReference; lastKnownFileType = wrapper.framework; path = Rswift.framework; sourceTree = BUILT_PRODUCTS_DIR; };
		C4E4D6341E5FA48C007E0E39 /* PromiseKit.framework */ = {isa = PBXFileReference; lastKnownFileType = wrapper.framework; path = PromiseKit.framework; sourceTree = BUILT_PRODUCTS_DIR; };
		C4EB27FB1DFA35A400BF0843 /* ModuleExports-GETracing.swift */ = {isa = PBXFileReference; fileEncoding = 4; lastKnownFileType = sourcecode.swift; name = "ModuleExports-GETracing.swift"; path = "../GETracing/GETracing/ModuleExports-GETracing.swift"; sourceTree = SOURCE_ROOT; };
		C4EB27FC1DFA35A400BF0843 /* ModuleExports-GEFoundation.swift */ = {isa = PBXFileReference; fileEncoding = 4; lastKnownFileType = sourcecode.swift; name = "ModuleExports-GEFoundation.swift"; path = "../GEFoundation/GEFoundation/ModuleExports-GEFoundation.swift"; sourceTree = SOURCE_ROOT; };
/* End PBXFileReference section */

/* Begin PBXFrameworksBuildPhase section */
		C4BE5A781DA85DA100E1734F /* Frameworks */ = {
			isa = PBXFrameworksBuildPhase;
			buildActionMask = 2147483647;
			files = (
				A1839A111FD83D78003313D6 /* GEDebugKit.framework in Frameworks */,
				C4B0DC211FD23FBB005E587C /* JGProgressHUD.framework in Frameworks */,
				C428E49D1FBC07B200DA2FFA /* Watchdog.framework in Frameworks */,
				C4E4D6351E5FA48C007E0E39 /* PromiseKit.framework in Frameworks */,
				C4DA68321E58BDC4004615A0 /* Rswift.framework in Frameworks */,
				C49FF1BB1DBBA6F000A86CC0 /* GEUIKit.framework in Frameworks */,
				C4BE5ABA1DA86D8D00E1734F /* FBAllocationTracker.framework in Frameworks */,
				C4DA682D1E550A4B004615A0 /* Loggy.framework in Frameworks */,
				C4BE5ABB1DA86D8D00E1734F /* FBMemoryProfiler.framework in Frameworks */,
				C4BE5ABC1DA86D8D00E1734F /* FBRetainCycleDetector.framework in Frameworks */,
			);
			runOnlyForDeploymentPostprocessing = 0;
		};
		C4BE5A821DA85DA100E1734F /* Frameworks */ = {
			isa = PBXFrameworksBuildPhase;
			buildActionMask = 2147483647;
			files = (
				C4BE5A861DA85DA100E1734F /* RSSReaderAppConfig.framework in Frameworks */,
				C4F738971DBD73820092F1D8 /* GEUIKit.framework in Frameworks */,
			);
			runOnlyForDeploymentPostprocessing = 0;
		};
/* End PBXFrameworksBuildPhase section */

/* Begin PBXGroup section */
		C4BE5A721DA85DA100E1734F = {
			isa = PBXGroup;
			children = (
				C4C1CE3B1E30BFDD00A2767B /* XCConfig */,
				C4BE5A7E1DA85DA100E1734F /* RSSReaderAppConfig */,
				C4BE5A891DA85DA100E1734F /* RSSReaderAppConfigTests */,
				C4BE5A7D1DA85DA100E1734F /* Products */,
				C4BE5AB61DA86D8D00E1734F /* Frameworks */,
			);
			sourceTree = "<group>";
			usesTabs = 1;
		};
		C4BE5A7D1DA85DA100E1734F /* Products */ = {
			isa = PBXGroup;
			children = (
				C4BE5A7C1DA85DA100E1734F /* RSSReaderAppConfig.framework */,
				C4BE5A851DA85DA100E1734F /* RSSReaderAppConfigTests.xctest */,
			);
			name = Products;
			sourceTree = "<group>";
		};
		C4BE5A7E1DA85DA100E1734F /* RSSReaderAppConfig */ = {
			isa = PBXGroup;
			children = (
				C4BE5ADF1DAA5AE000E1734F /* UserMessages.swift */,
				C4BE5AE01DAA5AE000E1734F /* Readability.swift */,
				C4BE5AB41DA868AD00E1734F /* AppDelegateBase.swift */,
				C4BE5AB01DA8664600E1734F /* UITabBarController+CVKHiearachySearcher.swift */,
				C4BE5A961DA85DE000E1734F /* Analytics.swift */,
				C4BE5A971DA85DE000E1734F /* Appsee.swift */,
				C4134F501FCA605000178BE5 /* Firebase.swift */,
				C4BE5A981DA85DE000E1734F /* UXCam.swift */,
				C4BE5A991DA85DE000E1734F /* Flurry.swift */,
				C492B52F1E2E3E2D0072D2D9 /* Mixpanel.swift */,
				C45C54A01E2E58630039D16C /* Optimizely.swift */,
				C4BE5A9E1DA85E0600E1734F /* Crashlytics.swift */,
				C428E49F1FBC097E00DA2FFA /* Watchdog.swift */,
				C4BE5AA01DA85E2400E1734F /* FileLogger.swift */,
				C4BE5AA21DA85E7500E1734F /* UITableView+SnappingHeaderToTop.swift */,
				C4BE5AA31DA85E7500E1734F /* UINavigationItem+MultipleButtonItemsCollections.swift */,
				C4BE5AA51DA85E7500E1734F /* ContainedViewControllersAwareNavigationControllerDelegate.swift */,
				C4290F8B1EA3226B00CAD5AE /* Globals.swift */,
				C4BE5A801DA85DA100E1734F /* Info.plist */,
				C4EB27FB1DFA35A400BF0843 /* ModuleExports-GETracing.swift */,
				C4EB27FC1DFA35A400BF0843 /* ModuleExports-GEFoundation.swift */,
			);
			path = RSSReaderAppConfig;
			sourceTree = "<group>";
		};
		C4BE5A891DA85DA100E1734F /* RSSReaderAppConfigTests */ = {
			isa = PBXGroup;
			children = (
				C4BE5A8A1DA85DA100E1734F /* RSSReaderAppConfigTests.swift */,
				C4BE5A8C1DA85DA100E1734F /* Info.plist */,
			);
			path = RSSReaderAppConfigTests;
			sourceTree = "<group>";
		};
		C4BE5AB61DA86D8D00E1734F /* Frameworks */ = {
			isa = PBXGroup;
			children = (
				A1839A121FD83D78003313D6 /* GEDebugKit.framework */,
				C4B0DC221FD23FBB005E587C /* JGProgressHUD.framework */,
				C428E49E1FBC07B200DA2FFA /* Watchdog.framework */,
				C4E4D6341E5FA48C007E0E39 /* PromiseKit.framework */,
				C4DA68311E58BDC4004615A0 /* Rswift.framework */,
				C4DA682C1E550A4B004615A0 /* Loggy.framework */,
				C4CB79181E3173AE00F89794 /* GoogleToolboxForMac.framework */,
				C4595E0B1E2E444F0004D68D /* Mixpanel.framework */,
				C49FF1BA1DBBA6F000A86CC0 /* GEUIKit.framework */,
				C4BE5AB71DA86D8D00E1734F /* FBAllocationTracker.framework */,
				C4BE5AB81DA86D8D00E1734F /* FBMemoryProfiler.framework */,
				C4BE5AB91DA86D8D00E1734F /* FBRetainCycleDetector.framework */,
			);
			name = Frameworks;
			sourceTree = "<group>";
		};
		C4C1CE3B1E30BFDD00A2767B /* XCConfig */ = {
			isa = PBXGroup;
			children = (
				C4C1CE3A1E30BFCD00A2767B /* RSSReaderAppConfig-release.xcconfig */,
				C49A79FE1E301EB600DE3702 /* RSSReaderAppConfig-debug.xcconfig */,
				C4BE5AAA1DA860C300E1734F /* GEShared.xcconfig */,
			);
			name = XCConfig;
			sourceTree = "<group>";
		};
/* End PBXGroup section */

/* Begin PBXHeadersBuildPhase section */
		C4BE5A791DA85DA100E1734F /* Headers */ = {
			isa = PBXHeadersBuildPhase;
			buildActionMask = 2147483647;
			files = (
			);
			runOnlyForDeploymentPostprocessing = 0;
		};
/* End PBXHeadersBuildPhase section */

/* Begin PBXNativeTarget section */
		C4BE5A7B1DA85DA100E1734F /* RSSReaderAppConfig */ = {
			isa = PBXNativeTarget;
			buildConfigurationList = C4BE5A901DA85DA100E1734F /* Build configuration list for PBXNativeTarget "RSSReaderAppConfig" */;
			buildPhases = (
				C4BE5A771DA85DA100E1734F /* Sources */,
				C4BE5A781DA85DA100E1734F /* Frameworks */,
				C4BE5A791DA85DA100E1734F /* Headers */,
				C4BE5A7A1DA85DA100E1734F /* Resources */,
				3C5156CDADDDE04EDC1D0C88 /* Embed Sources */,
			);
			buildRules = (
			);
			dependencies = (
			);
			name = RSSReaderAppConfig;
			productName = RSSReaderAppConfig;
			productReference = C4BE5A7C1DA85DA100E1734F /* RSSReaderAppConfig.framework */;
			productType = "com.apple.product-type.framework";
		};
		C4BE5A841DA85DA100E1734F /* RSSReaderAppConfigTests */ = {
			isa = PBXNativeTarget;
			buildConfigurationList = C4BE5A931DA85DA100E1734F /* Build configuration list for PBXNativeTarget "RSSReaderAppConfigTests" */;
			buildPhases = (
				C4BE5A811DA85DA100E1734F /* Sources */,
				C4BE5A821DA85DA100E1734F /* Frameworks */,
				C4BE5A831DA85DA100E1734F /* Resources */,
				C4BE5AC11DA86FDF00E1734F /* Embed Sources */,
			);
			buildRules = (
			);
			dependencies = (
				C4BE5A881DA85DA100E1734F /* PBXTargetDependency */,
			);
			name = RSSReaderAppConfigTests;
			productName = RSSReaderAppConfigTests;
			productReference = C4BE5A851DA85DA100E1734F /* RSSReaderAppConfigTests.xctest */;
			productType = "com.apple.product-type.bundle.unit-test";
		};
/* End PBXNativeTarget section */

/* Begin PBXProject section */
		C4BE5A731DA85DA100E1734F /* Project object */ = {
			isa = PBXProject;
			attributes = {
				LastSwiftUpdateCheck = 0800;
				LastUpgradeCheck = 0920;
				ORGANIZATIONNAME = "Grigory Entin";
				TargetAttributes = {
					C4BE5A7B1DA85DA100E1734F = {
						CreatedOnToolsVersion = 8.0;
						DevelopmentTeam = 465NA5BW7E;
						ProvisioningStyle = Automatic;
					};
					C4BE5A841DA85DA100E1734F = {
						CreatedOnToolsVersion = 8.0;
						DevelopmentTeam = 465NA5BW7E;
						ProvisioningStyle = Automatic;
					};
				};
			};
			buildConfigurationList = C4BE5A761DA85DA100E1734F /* Build configuration list for PBXProject "RSSReaderAppConfig" */;
			compatibilityVersion = "Xcode 3.2";
			developmentRegion = English;
			hasScannedForEncodings = 0;
			knownRegions = (
				en,
			);
			mainGroup = C4BE5A721DA85DA100E1734F;
			productRefGroup = C4BE5A7D1DA85DA100E1734F /* Products */;
			projectDirPath = "";
			projectRoot = "";
			targets = (
				C4BE5A7B1DA85DA100E1734F /* RSSReaderAppConfig */,
				C4BE5A841DA85DA100E1734F /* RSSReaderAppConfigTests */,
			);
		};
/* End PBXProject section */

/* Begin PBXResourcesBuildPhase section */
		C4BE5A7A1DA85DA100E1734F /* Resources */ = {
			isa = PBXResourcesBuildPhase;
			buildActionMask = 2147483647;
			files = (
			);
			runOnlyForDeploymentPostprocessing = 0;
		};
		C4BE5A831DA85DA100E1734F /* Resources */ = {
			isa = PBXResourcesBuildPhase;
			buildActionMask = 2147483647;
			files = (
			);
			runOnlyForDeploymentPostprocessing = 0;
		};
/* End PBXResourcesBuildPhase section */

/* Begin PBXSourcesBuildPhase section */
		C4BE5A771DA85DA100E1734F /* Sources */ = {
			isa = PBXSourcesBuildPhase;
			buildActionMask = 2147483647;
			files = (
				C4BE5AA91DA85E7500E1734F /* ContainedViewControllersAwareNavigationControllerDelegate.swift in Sources */,
				C4BE5A9A1DA85DE000E1734F /* Analytics.swift in Sources */,
				C4EB27FE1DFA35A400BF0843 /* ModuleExports-GEFoundation.swift in Sources */,
				C4BE5AB11DA8664600E1734F /* UITabBarController+CVKHiearachySearcher.swift in Sources */,
				C428E4A01FBC097E00DA2FFA /* Watchdog.swift in Sources */,
				C4BE5AA71DA85E7500E1734F /* UINavigationItem+MultipleButtonItemsCollections.swift in Sources */,
				C4BE5A9F1DA85E0600E1734F /* Crashlytics.swift in Sources */,
				C4BE5AE21DAA5AE000E1734F /* Readability.swift in Sources */,
				C492B5301E2E3E2D0072D2D9 /* Mixpanel.swift in Sources */,
				C4290F8C1EA3226B00CAD5AE /* Globals.swift in Sources */,
				C4134F511FCA605000178BE5 /* Firebase.swift in Sources */,
				C4BE5A9B1DA85DE000E1734F /* Appsee.swift in Sources */,
				C4BE5AA11DA85E2400E1734F /* FileLogger.swift in Sources */,
				C4EB27FD1DFA35A400BF0843 /* ModuleExports-GETracing.swift in Sources */,
				C4BE5AA61DA85E7500E1734F /* UITableView+SnappingHeaderToTop.swift in Sources */,
				C4BE5AE11DAA5AE000E1734F /* UserMessages.swift in Sources */,
				C4BE5AB51DA868AD00E1734F /* AppDelegateBase.swift in Sources */,
				C4BE5A9C1DA85DE000E1734F /* UXCam.swift in Sources */,
				C4BE5A9D1DA85DE000E1734F /* Flurry.swift in Sources */,
				C45C54A11E2E58630039D16C /* Optimizely.swift in Sources */,
			);
			runOnlyForDeploymentPostprocessing = 0;
		};
		C4BE5A811DA85DA100E1734F /* Sources */ = {
			isa = PBXSourcesBuildPhase;
			buildActionMask = 2147483647;
			files = (
				C4BE5A8B1DA85DA100E1734F /* RSSReaderAppConfigTests.swift in Sources */,
			);
			runOnlyForDeploymentPostprocessing = 0;
		};
/* End PBXSourcesBuildPhase section */

/* Begin PBXTargetDependency section */
		C4BE5A881DA85DA100E1734F /* PBXTargetDependency */ = {
			isa = PBXTargetDependency;
			target = C4BE5A7B1DA85DA100E1734F /* RSSReaderAppConfig */;
			targetProxy = C4BE5A871DA85DA100E1734F /* PBXContainerItemProxy */;
		};
/* End PBXTargetDependency section */

/* Begin XCBuildConfiguration section */
		C4BE5A8E1DA85DA100E1734F /* Debug */ = {
			isa = XCBuildConfiguration;
			baseConfigurationReference = C4BE5AAA1DA860C300E1734F /* GEShared.xcconfig */;
			buildSettings = {
				CURRENT_PROJECT_VERSION = 1;
				ENABLE_TESTABILITY = YES;
				ONLY_ACTIVE_ARCH = YES;
				VERSIONING_SYSTEM = "apple-generic";
				VERSION_INFO_PREFIX = "";
			};
			name = Debug;
		};
		C4BE5A8F1DA85DA100E1734F /* Release */ = {
			isa = XCBuildConfiguration;
			baseConfigurationReference = C4BE5AAA1DA860C300E1734F /* GEShared.xcconfig */;
			buildSettings = {
				CURRENT_PROJECT_VERSION = 1;
				SWIFT_OPTIMIZATION_LEVEL = "-Owholemodule";
				VERSIONING_SYSTEM = "apple-generic";
				VERSION_INFO_PREFIX = "";
			};
			name = Release;
		};
		C4BE5A911DA85DA100E1734F /* Debug */ = {
			isa = XCBuildConfiguration;
			baseConfigurationReference = C49A79FE1E301EB600DE3702 /* RSSReaderAppConfig-debug.xcconfig */;
			buildSettings = {
				"CODE_SIGN_IDENTITY[sdk=iphoneos*]" = "";
				DYLIB_COMPATIBILITY_VERSION = 1;
				DYLIB_CURRENT_VERSION = 1;
				DYLIB_INSTALL_NAME_BASE = "@rpath";
				INFOPLIST_FILE = RSSReaderAppConfig/Info.plist;
				LD_RUNPATH_SEARCH_PATHS = "$(inherited) @executable_path/Frameworks @loader_path/Frameworks";
				PRODUCT_BUNDLE_IDENTIFIER = com.grigorye.RSSReaderAppConfig;
				PRODUCT_NAME = "$(TARGET_NAME)";
			};
			name = Debug;
		};
		C4BE5A921DA85DA100E1734F /* Release */ = {
			isa = XCBuildConfiguration;
			baseConfigurationReference = C4C1CE3A1E30BFCD00A2767B /* RSSReaderAppConfig-release.xcconfig */;
			buildSettings = {
				"CODE_SIGN_IDENTITY[sdk=iphoneos*]" = "";
				DYLIB_COMPATIBILITY_VERSION = 1;
				DYLIB_CURRENT_VERSION = 1;
				DYLIB_INSTALL_NAME_BASE = "@rpath";
				INFOPLIST_FILE = RSSReaderAppConfig/Info.plist;
				LD_RUNPATH_SEARCH_PATHS = "$(inherited) @executable_path/Frameworks @loader_path/Frameworks";
				PRODUCT_BUNDLE_IDENTIFIER = com.grigorye.RSSReaderAppConfig;
				PRODUCT_NAME = "$(TARGET_NAME)";
			};
			name = Release;
		};
		C4BE5A941DA85DA100E1734F /* Debug */ = {
			isa = XCBuildConfiguration;
			buildSettings = {
				INFOPLIST_FILE = RSSReaderAppConfig/Info.plist;
				LD_RUNPATH_SEARCH_PATHS = "$(inherited) @executable_path/Frameworks @loader_path/Frameworks";
				PRODUCT_BUNDLE_IDENTIFIER = com.grigorye.RSSReaderAppConfigTests;
				PRODUCT_NAME = "$(TARGET_NAME)";
			};
			name = Debug;
		};
		C4BE5A951DA85DA100E1734F /* Release */ = {
			isa = XCBuildConfiguration;
			buildSettings = {
				INFOPLIST_FILE = RSSReaderAppConfig/Info.plist;
				LD_RUNPATH_SEARCH_PATHS = "$(inherited) @executable_path/Frameworks @loader_path/Frameworks";
				PRODUCT_BUNDLE_IDENTIFIER = com.grigorye.RSSReaderAppConfigTests;
				PRODUCT_NAME = "$(TARGET_NAME)";
			};
			name = Release;
		};
/* End XCBuildConfiguration section */

/* Begin XCConfigurationList section */
		C4BE5A761DA85DA100E1734F /* Build configuration list for PBXProject "RSSReaderAppConfig" */ = {
			isa = XCConfigurationList;
			buildConfigurations = (
				C4BE5A8E1DA85DA100E1734F /* Debug */,
				C4BE5A8F1DA85DA100E1734F /* Release */,
			);
			defaultConfigurationIsVisible = 0;
			defaultConfigurationName = Release;
		};
		C4BE5A901DA85DA100E1734F /* Build configuration list for PBXNativeTarget "RSSReaderAppConfig" */ = {
			isa = XCConfigurationList;
			buildConfigurations = (
				C4BE5A911DA85DA100E1734F /* Debug */,
				C4BE5A921DA85DA100E1734F /* Release */,
			);
			defaultConfigurationIsVisible = 0;
			defaultConfigurationName = Release;
		};
		C4BE5A931DA85DA100E1734F /* Build configuration list for PBXNativeTarget "RSSReaderAppConfigTests" */ = {
			isa = XCConfigurationList;
			buildConfigurations = (
				C4BE5A941DA85DA100E1734F /* Debug */,
				C4BE5A951DA85DA100E1734F /* Release */,
			);
			defaultConfigurationIsVisible = 0;
			defaultConfigurationName = Release;
		};
/* End XCConfigurationList section */
	};
	rootObject = C4BE5A731DA85DA100E1734F /* Project object */;
}
