// !$*UTF8*$!
{
	archiveVersion = 1;
	classes = {
	};
	objectVersion = 46;
	objects = {

/* Begin PBXBuildFile section */
		6EF92030B2683164FEE70B62 /* libPods.a in Frameworks */ = {isa = PBXBuildFile; fileRef = 18B271D7F3757D52EE1A6C8B /* libPods.a */; };
		C401C65C1A5C971800CF6AA4 /* MarkingAsRead.swift in Sources */ = {isa = PBXBuildFile; fileRef = C401C65B1A5C971800CF6AA4 /* MarkingAsRead.swift */; };
		C40A24FF1A672B2100B5D959 /* TableViewContainerCell.swift in Sources */ = {isa = PBXBuildFile; fileRef = C40A24FE1A672B2100B5D959 /* TableViewContainerCell.swift */; };
		C40C6BF31A72F0BC00FAFA17 /* AVFoundation.framework in Frameworks */ = {isa = PBXBuildFile; fileRef = C40C6BF21A72F0BC00FAFA17 /* AVFoundation.framework */; };
		C40C6BF51A72F17100FAFA17 /* SystemConfiguration.framework in Frameworks */ = {isa = PBXBuildFile; fileRef = C40C6BF41A72F17100FAFA17 /* SystemConfiguration.framework */; };
		C40C6BF71A72F23C00FAFA17 /* CoreMedia.framework in Frameworks */ = {isa = PBXBuildFile; fileRef = C40C6BF61A72F23C00FAFA17 /* CoreMedia.framework */; };
		C40C6C081A74AB5E00FAFA17 /* KVOCompliantUserDefaults.mm in Sources */ = {isa = PBXBuildFile; fileRef = C40C6C071A74AB5E00FAFA17 /* KVOCompliantUserDefaults.mm */; };
		C40C6C0B1A74BE3900FAFA17 /* KVOCompliantUserDefaults+RSSReader.m in Sources */ = {isa = PBXBuildFile; fileRef = C40C6C0A1A74BE3900FAFA17 /* KVOCompliantUserDefaults+RSSReader.m */; };
		C41707CB1A56076A00AED81C /* Globals.swift in Sources */ = {isa = PBXBuildFile; fileRef = C41707CA1A56076A00AED81C /* Globals.swift */; };
		C41707CD1A56E85B00AED81C /* Folder.swift in Sources */ = {isa = PBXBuildFile; fileRef = C41707CC1A56E85B00AED81C /* Folder.swift */; };
		C41707CF1A56F32500AED81C /* GenericCoreDataExtensions.swift in Sources */ = {isa = PBXBuildFile; fileRef = C41707CE1A56F32500AED81C /* GenericCoreDataExtensions.swift */; };
		C42802691A5B47EA002474E1 /* FoldersListTableViewController.swift in Sources */ = {isa = PBXBuildFile; fileRef = C42802681A5B47EA002474E1 /* FoldersListTableViewController.swift */; };
		C42802781A5C2E0D002474E1 /* RSSReader.xcdatamodeld in Sources */ = {isa = PBXBuildFile; fileRef = C42802741A5C2E0D002474E1 /* RSSReader.xcdatamodeld */; };
		C44D91641AAE73830053B9E6 /* ItemTableViewCell.xib in Resources */ = {isa = PBXBuildFile; fileRef = C44D91631AAE73830053B9E6 /* ItemTableViewCell.xib */; };
		C44D916D1AAE773B0053B9E6 /* ItemSimpleTableViewCell.xib in Resources */ = {isa = PBXBuildFile; fileRef = C44D916C1AAE773B0053B9E6 /* ItemSimpleTableViewCell.xib */; };
		C45158991A65E1FE00374A8C /* GenericURLSessionExtensions.swift in Sources */ = {isa = PBXBuildFile; fileRef = C45158981A65E1FE00374A8C /* GenericURLSessionExtensions.swift */; };
		C45159101A65E83400374A8C /* KVOBinding.swift in Sources */ = {isa = PBXBuildFile; fileRef = C451590F1A65E83400374A8C /* KVOBinding.swift */; };
		C45BC3EA1A8003F40008A5D1 /* HistoryViewController.swift in Sources */ = {isa = PBXBuildFile; fileRef = C45BC3E91A8003F40008A5D1 /* HistoryViewController.swift */; };
		C45ECD061A62054C00ADC113 /* SBConstants.swift in Sources */ = {isa = PBXBuildFile; fileRef = C45ECD051A62054C00ADC113 /* SBConstants.swift */; };
		C46550491A7870E60046FFBD /* UINavigationItem+MultipleBarButtonItemsCollections.m in Sources */ = {isa = PBXBuildFile; fileRef = C46550481A7870E60046FFBD /* UINavigationItem+MultipleBarButtonItemsCollections.m */; };
		C4676E091A6A4D1F00AE8BC2 /* ItemTableViewCell.swift in Sources */ = {isa = PBXBuildFile; fileRef = C4676E081A6A4D1F00AE8BC2 /* ItemTableViewCell.swift */; };
		C46934DF1A5D291C00A0AEA2 /* ItemsPageViewControllerDataSource.swift in Sources */ = {isa = PBXBuildFile; fileRef = C46934DE1A5D291C00A0AEA2 /* ItemsPageViewControllerDataSource.swift */; };
		C46FA8691AA56018004B5C45 /* UITableView+SnappingHeaderToTop.swift in Sources */ = {isa = PBXBuildFile; fileRef = C46FA8681AA56018004B5C45 /* UITableView+SnappingHeaderToTop.swift */; };
		C4728B381A55BA6600D4251A /* Subscription.swift in Sources */ = {isa = PBXBuildFile; fileRef = C4728B371A55BA6600D4251A /* Subscription.swift */; };
		C4728B3A1A55BAC600D4251A /* CoreData.swift in Sources */ = {isa = PBXBuildFile; fileRef = C4728B391A55BAC600D4251A /* CoreData.swift */; };
		C48C5F8B1A867D3D00A1EA12 /* MobileCoreServices.framework in Frameworks */ = {isa = PBXBuildFile; fileRef = C48C5F8A1A867D3D00A1EA12 /* MobileCoreServices.framework */; };
		C48C5F971A87344000A1EA12 /* ItemsPageViewController.swift in Sources */ = {isa = PBXBuildFile; fileRef = C48C5F961A87344000A1EA12 /* ItemsPageViewController.swift */; };
		C495409B1A575C1900F56168 /* UserDefaults.swift in Sources */ = {isa = PBXBuildFile; fileRef = C495409A1A575C1900F56168 /* UserDefaults.swift */; };
		C495409D1A575D0C00F56168 /* GenericExtensions.swift in Sources */ = {isa = PBXBuildFile; fileRef = C495409C1A575D0C00F56168 /* GenericExtensions.swift */; };
		C495409F1A5780A700F56168 /* Item.swift in Sources */ = {isa = PBXBuildFile; fileRef = C495409E1A5780A700F56168 /* Item.swift */; };
		C49540A11A57825100F56168 /* ItemsListViewController.swift in Sources */ = {isa = PBXBuildFile; fileRef = C49540A01A57825100F56168 /* ItemsListViewController.swift */; };
		C49540A51A57906600F56168 /* ItemSummaryWebViewController.swift in Sources */ = {isa = PBXBuildFile; fileRef = C49540A41A57906600F56168 /* ItemSummaryWebViewController.swift */; };
		C4AD2ADB1A5DED8700B39AC9 /* ItemsPageViewControllerDelegate.swift in Sources */ = {isa = PBXBuildFile; fileRef = C4AD2ADA1A5DED8700B39AC9 /* ItemsPageViewControllerDelegate.swift */; };
		C4BE521C1A7192BB00606403 /* FetchedObjectBinding.swift in Sources */ = {isa = PBXBuildFile; fileRef = C4BE521B1A7192BB00606403 /* FetchedObjectBinding.swift */; };
		C4C1A3F61A574517007384E8 /* RSSSession.swift in Sources */ = {isa = PBXBuildFile; fileRef = C4C1A3F51A574517007384E8 /* RSSSession.swift */; };
		C4C422181A75E355008803A7 /* MainNavigationController.swift in Sources */ = {isa = PBXBuildFile; fileRef = C4C422171A75E355008803A7 /* MainNavigationController.swift */; };
		C4C780141A7DEAE2009CB5FC /* MarkAllAsReadActivity.swift in Sources */ = {isa = PBXBuildFile; fileRef = C4C780131A7DEAE2009CB5FC /* MarkAllAsReadActivity.swift */; };
		C4C780161A7DF1EC009CB5FC /* ApplicationActivities.swift in Sources */ = {isa = PBXBuildFile; fileRef = C4C780151A7DF1EC009CB5FC /* ApplicationActivities.swift */; };
		C4C780181A7DF2B0009CB5FC /* TypeFilteringActivity.swift in Sources */ = {isa = PBXBuildFile; fileRef = C4C780171A7DF2B0009CB5FC /* TypeFilteringActivity.swift */; };
		C4CDD3A31A5350B40087DD05 /* AppDelegate.swift in Sources */ = {isa = PBXBuildFile; fileRef = C4CDD3A21A5350B40087DD05 /* AppDelegate.swift */; };
		C4CDD3AA1A5350B40087DD05 /* Main.storyboard in Resources */ = {isa = PBXBuildFile; fileRef = C4CDD3A81A5350B40087DD05 /* Main.storyboard */; };
		C4CDD3AC1A5350B50087DD05 /* Images.xcassets in Resources */ = {isa = PBXBuildFile; fileRef = C4CDD3AB1A5350B50087DD05 /* Images.xcassets */; };
		C4CDD3AF1A5350B50087DD05 /* LaunchScreen.xib in Resources */ = {isa = PBXBuildFile; fileRef = C4CDD3AD1A5350B50087DD05 /* LaunchScreen.xib */; };
		C4CDD3BB1A5350B50087DD05 /* RSSReaderTests.swift in Sources */ = {isa = PBXBuildFile; fileRef = C4CDD3BA1A5350B50087DD05 /* RSSReaderTests.swift */; };
		C4CDD3C51A5357B20087DD05 /* Settings.bundle in Resources */ = {isa = PBXBuildFile; fileRef = C4CDD3C41A5357B20087DD05 /* Settings.bundle */; };
		C4CDE1911A5A06A600F16A2E /* ItemSummaryTemplate.html in Resources */ = {isa = PBXBuildFile; fileRef = C4CDE1901A5A06A600F16A2E /* ItemSummaryTemplate.html */; };
		C4EF270E1A8D353C000EBE63 /* UserMessages.swift in Sources */ = {isa = PBXBuildFile; fileRef = C4EF270D1A8D353C000EBE63 /* UserMessages.swift */; };
		C4EF76B61AA7A40200E94E80 /* ProgressEnabledURLSessionTaskGenerator.swift in Sources */ = {isa = PBXBuildFile; fileRef = C4EF76B51AA7A40200E94E80 /* ProgressEnabledURLSessionTaskGenerator.swift */; };
		C4F575D01A797C7B00F12F20 /* AddToFavoritesActivity.swift in Sources */ = {isa = PBXBuildFile; fileRef = C4F575CF1A797C7B00F12F20 /* AddToFavoritesActivity.swift */; };
		C4F575D61A7988DB00F12F20 /* OpenWebPageActivity.swift in Sources */ = {isa = PBXBuildFile; fileRef = C4F575D51A7988DB00F12F20 /* OpenWebPageActivity.swift */; };
		C4FD88521A5F10BD0035E4D1 /* Container.swift in Sources */ = {isa = PBXBuildFile; fileRef = C4FD88511A5F10BD0035E4D1 /* Container.swift */; };
		CA2F924C7954C9EC08D55206 /* UITabBarController+CVKHiearachySearcher.swift in Sources */ = {isa = PBXBuildFile; fileRef = CA2E0441FFA564885EE4A6C9 /* UITabBarController+CVKHiearachySearcher.swift */; };
/* End PBXBuildFile section */

/* Begin PBXContainerItemProxy section */
		C4100F5C1A8E96CB00D669C6 /* PBXContainerItemProxy */ = {
			isa = PBXContainerItemProxy;
			containerPortal = C465807E1A8D479C000DF359 /* Pods.xcodeproj */;
			proxyType = 1;
			remoteGlobalIDString = 99BDFD0A0B70527141602A35;
			remoteInfo = Pods;
		};
		C4100F601A8E96CB00D669C6 /* PBXContainerItemProxy */ = {
			isa = PBXContainerItemProxy;
			containerPortal = C465807E1A8D479C000DF359 /* Pods.xcodeproj */;
			proxyType = 2;
			remoteGlobalIDString = 93E167416796CFEC2AAE7813;
			remoteInfo = "Pods-TUSafariActivity";
		};
		C4110C5C1AA797F300DAC7E5 /* PBXContainerItemProxy */ = {
			isa = PBXContainerItemProxy;
			containerPortal = C465807E1A8D479C000DF359 /* Pods.xcodeproj */;
			proxyType = 2;
			remoteGlobalIDString = B77329A583B7A050CE876571;
			remoteInfo = "Pods-DZReadability";
		};
		C4110C5E1AA797F300DAC7E5 /* PBXContainerItemProxy */ = {
			isa = PBXContainerItemProxy;
			containerPortal = C465807E1A8D479C000DF359 /* Pods.xcodeproj */;
			proxyType = 2;
			remoteGlobalIDString = CFA065B1C6DC63F54ECE7C1D;
			remoteInfo = "Pods-HTMLReader";
		};
		C4110C601AA797F300DAC7E5 /* PBXContainerItemProxy */ = {
			isa = PBXContainerItemProxy;
			containerPortal = C465807E1A8D479C000DF359 /* Pods.xcodeproj */;
			proxyType = 2;
			remoteGlobalIDString = 95999749135A89C27CC4A189;
			remoteInfo = "Pods-TUSafariActivity-TUSafariActivity";
		};
		C46580841A8D479D000DF359 /* PBXContainerItemProxy */ = {
			isa = PBXContainerItemProxy;
			containerPortal = C465807E1A8D479C000DF359 /* Pods.xcodeproj */;
			proxyType = 2;
			remoteGlobalIDString = 5CB30545894166C4853FC640;
			remoteInfo = Pods;
		};
		C46580861A8D479D000DF359 /* PBXContainerItemProxy */ = {
			isa = PBXContainerItemProxy;
			containerPortal = C465807E1A8D479C000DF359 /* Pods.xcodeproj */;
			proxyType = 2;
			remoteGlobalIDString = 3B2FCB682EDB5F2525C75BBB;
			remoteInfo = "Pods-AFMInfoBanner";
		};
		C46580881A8D479D000DF359 /* PBXContainerItemProxy */ = {
			isa = PBXContainerItemProxy;
			containerPortal = C465807E1A8D479C000DF359 /* Pods.xcodeproj */;
			proxyType = 2;
			remoteGlobalIDString = 88A386B22583935C34CC5B48;
			remoteInfo = "Pods-CVKHierarchySearcher";
		};
		C46580901A8D4B4E000DF359 /* PBXContainerItemProxy */ = {
			isa = PBXContainerItemProxy;
			containerPortal = C465807E1A8D479C000DF359 /* Pods.xcodeproj */;
			proxyType = 2;
			remoteGlobalIDString = BD28650810982BFD0744A0E0;
			remoteInfo = "Pods-UXCam";
		};
		C4CDD3B51A5350B50087DD05 /* PBXContainerItemProxy */ = {
			isa = PBXContainerItemProxy;
			containerPortal = C4CDD3951A5350B40087DD05 /* Project object */;
			proxyType = 1;
			remoteGlobalIDString = C4CDD39C1A5350B40087DD05;
			remoteInfo = RSSReader;
		};
/* End PBXContainerItemProxy section */

/* Begin PBXFileReference section */
		18B271D7F3757D52EE1A6C8B /* libPods.a */ = {isa = PBXFileReference; explicitFileType = archive.ar; includeInIndex = 0; path = libPods.a; sourceTree = BUILT_PRODUCTS_DIR; };
		C401C65A1A5C73CF00CF6AA4 /* 47.xcdatamodel */ = {isa = PBXFileReference; lastKnownFileType = wrapper.xcdatamodel; path = 47.xcdatamodel; sourceTree = "<group>"; };
		C401C65B1A5C971800CF6AA4 /* MarkingAsRead.swift */ = {isa = PBXFileReference; fileEncoding = 4; lastKnownFileType = sourcecode.swift; path = MarkingAsRead.swift; sourceTree = "<group>"; };
		C404A6421A9D13F100F9C142 /* 218.xcdatamodel */ = {isa = PBXFileReference; lastKnownFileType = wrapper.xcdatamodel; path = 218.xcdatamodel; sourceTree = "<group>"; };
		C40A24FE1A672B2100B5D959 /* TableViewContainerCell.swift */ = {isa = PBXFileReference; fileEncoding = 4; lastKnownFileType = sourcecode.swift; path = TableViewContainerCell.swift; sourceTree = "<group>"; };
		C40C6BF01A72EFEE00FAFA17 /* Appsee.framework */ = {isa = PBXFileReference; lastKnownFileType = wrapper.framework; path = Appsee.framework; sourceTree = "<group>"; };
		C40C6BF21A72F0BC00FAFA17 /* AVFoundation.framework */ = {isa = PBXFileReference; lastKnownFileType = wrapper.framework; name = AVFoundation.framework; path = System/Library/Frameworks/AVFoundation.framework; sourceTree = SDKROOT; };
		C40C6BF41A72F17100FAFA17 /* SystemConfiguration.framework */ = {isa = PBXFileReference; lastKnownFileType = wrapper.framework; name = SystemConfiguration.framework; path = System/Library/Frameworks/SystemConfiguration.framework; sourceTree = SDKROOT; };
		C40C6BF61A72F23C00FAFA17 /* CoreMedia.framework */ = {isa = PBXFileReference; lastKnownFileType = wrapper.framework; name = CoreMedia.framework; path = System/Library/Frameworks/CoreMedia.framework; sourceTree = SDKROOT; };
		C40C6BFB1A73C6DF00FAFA17 /* RSSReader-app.xcconfig */ = {isa = PBXFileReference; lastKnownFileType = text.xcconfig; name = "RSSReader-app.xcconfig"; path = "XcodeConfiguration/RSSReader-app.xcconfig"; sourceTree = "<group>"; };
		C40C6BFD1A73C78F00FAFA17 /* EmbedSourceVersionIntoBundle */ = {isa = PBXFileReference; lastKnownFileType = text.script.sh; path = EmbedSourceVersionIntoBundle; sourceTree = "<group>"; };
		C40C6BFE1A73C78F00FAFA17 /* IntegrateAppsee */ = {isa = PBXFileReference; lastKnownFileType = text.script.sh; path = IntegrateAppsee; sourceTree = "<group>"; };
		C40C6C001A73C78F00FAFA17 /* RegenerateSBConstantsSwift */ = {isa = PBXFileReference; lastKnownFileType = text.script.sh; path = RegenerateSBConstantsSwift; sourceTree = "<group>"; };
		C40C6C011A73C80C00FAFA17 /* IntegrateFabric */ = {isa = PBXFileReference; fileEncoding = 4; lastKnownFileType = text.script.sh; path = IntegrateFabric; sourceTree = "<group>"; };
		C40C6C051A74AB5E00FAFA17 /* RSSReader-Bridging-Header.h */ = {isa = PBXFileReference; lastKnownFileType = sourcecode.c.h; path = "RSSReader-Bridging-Header.h"; sourceTree = "<group>"; };
		C40C6C061A74AB5E00FAFA17 /* KVOCompliantUserDefaults.h */ = {isa = PBXFileReference; fileEncoding = 4; lastKnownFileType = sourcecode.c.h; path = KVOCompliantUserDefaults.h; sourceTree = "<group>"; };
		C40C6C071A74AB5E00FAFA17 /* KVOCompliantUserDefaults.mm */ = {isa = PBXFileReference; fileEncoding = 4; lastKnownFileType = sourcecode.cpp.objcpp; path = KVOCompliantUserDefaults.mm; sourceTree = "<group>"; };
		C40C6C091A74BE3900FAFA17 /* KVOCompliantUserDefaults+RSSReader.h */ = {isa = PBXFileReference; fileEncoding = 4; lastKnownFileType = sourcecode.c.h; path = "KVOCompliantUserDefaults+RSSReader.h"; sourceTree = "<group>"; };
		C40C6C0A1A74BE3900FAFA17 /* KVOCompliantUserDefaults+RSSReader.m */ = {isa = PBXFileReference; fileEncoding = 4; lastKnownFileType = sourcecode.c.objc; path = "KVOCompliantUserDefaults+RSSReader.m"; sourceTree = "<group>"; };
		C41707CA1A56076A00AED81C /* Globals.swift */ = {isa = PBXFileReference; fileEncoding = 4; lastKnownFileType = sourcecode.swift; path = Globals.swift; sourceTree = "<group>"; };
		C41707CC1A56E85B00AED81C /* Folder.swift */ = {isa = PBXFileReference; fileEncoding = 4; lastKnownFileType = sourcecode.swift; path = Folder.swift; sourceTree = "<group>"; };
		C41707CE1A56F32500AED81C /* GenericCoreDataExtensions.swift */ = {isa = PBXFileReference; fileEncoding = 4; lastKnownFileType = sourcecode.swift; path = GenericCoreDataExtensions.swift; sourceTree = "<group>"; };
		C42802681A5B47EA002474E1 /* FoldersListTableViewController.swift */ = {isa = PBXFileReference; fileEncoding = 4; lastKnownFileType = sourcecode.swift; path = FoldersListTableViewController.swift; sourceTree = "<group>"; };
		C42802751A5C2E0D002474E1 /* 31.xcdatamodel */ = {isa = PBXFileReference; lastKnownFileType = wrapper.xcdatamodel; path = 31.xcdatamodel; sourceTree = "<group>"; };
		C42802761A5C2E0D002474E1 /* 43.xcdatamodel */ = {isa = PBXFileReference; lastKnownFileType = wrapper.xcdatamodel; path = 43.xcdatamodel; sourceTree = "<group>"; };
		C42802771A5C2E0D002474E1 /* 70.xcdatamodel */ = {isa = PBXFileReference; lastKnownFileType = wrapper.xcdatamodel; path = 70.xcdatamodel; sourceTree = "<group>"; };
		C44D91631AAE73830053B9E6 /* ItemTableViewCell.xib */ = {isa = PBXFileReference; fileEncoding = 4; lastKnownFileType = file.xib; path = ItemTableViewCell.xib; sourceTree = "<group>"; };
		C44D916C1AAE773B0053B9E6 /* ItemSimpleTableViewCell.xib */ = {isa = PBXFileReference; fileEncoding = 4; lastKnownFileType = file.xib; path = ItemSimpleTableViewCell.xib; sourceTree = "<group>"; };
		C44FCA5C1A8AEECA00C91544 /* UploadToFabric */ = {isa = PBXFileReference; lastKnownFileType = text.script.sh; path = UploadToFabric; sourceTree = "<group>"; };
		C44FCA5F1A8AF9CF00C91544 /* XcodeBotScripts */ = {isa = PBXFileReference; lastKnownFileType = folder; path = XcodeBotScripts; sourceTree = "<group>"; };
		C44FCA631A8C0DDF00C91544 /* Pods.debug.xcconfig */ = {isa = PBXFileReference; lastKnownFileType = text.xcconfig; name = Pods.debug.xcconfig; path = "Pods/Target Support Files/Pods/Pods.debug.xcconfig"; sourceTree = "<group>"; };
		C44FCA641A8C0DDF00C91544 /* Pods.release.xcconfig */ = {isa = PBXFileReference; lastKnownFileType = text.xcconfig; name = Pods.release.xcconfig; path = "Pods/Target Support Files/Pods/Pods.release.xcconfig"; sourceTree = "<group>"; };
		C45158981A65E1FE00374A8C /* GenericURLSessionExtensions.swift */ = {isa = PBXFileReference; fileEncoding = 4; lastKnownFileType = sourcecode.swift; path = GenericURLSessionExtensions.swift; sourceTree = "<group>"; };
		C451590F1A65E83400374A8C /* KVOBinding.swift */ = {isa = PBXFileReference; fileEncoding = 4; lastKnownFileType = sourcecode.swift; path = KVOBinding.swift; sourceTree = "<group>"; };
		C45BC3E91A8003F40008A5D1 /* HistoryViewController.swift */ = {isa = PBXFileReference; fileEncoding = 4; lastKnownFileType = sourcecode.swift; path = HistoryViewController.swift; sourceTree = "<group>"; };
		C45BC3EB1A8005D70008A5D1 /* 248.xcdatamodel */ = {isa = PBXFileReference; lastKnownFileType = wrapper.xcdatamodel; path = 248.xcdatamodel; sourceTree = "<group>"; };
		C45ECD051A62054C00ADC113 /* SBConstants.swift */ = {isa = PBXFileReference; fileEncoding = 4; lastKnownFileType = sourcecode.swift; path = SBConstants.swift; sourceTree = "<group>"; };
		C46550471A7870E60046FFBD /* UINavigationItem+MultipleBarButtonItemsCollections.h */ = {isa = PBXFileReference; fileEncoding = 4; lastKnownFileType = sourcecode.c.h; path = "UINavigationItem+MultipleBarButtonItemsCollections.h"; sourceTree = "<group>"; };
		C46550481A7870E60046FFBD /* UINavigationItem+MultipleBarButtonItemsCollections.m */ = {isa = PBXFileReference; fileEncoding = 4; lastKnownFileType = sourcecode.c.objc; path = "UINavigationItem+MultipleBarButtonItemsCollections.m"; sourceTree = "<group>"; };
		C465807E1A8D479C000DF359 /* Pods.xcodeproj */ = {isa = PBXFileReference; lastKnownFileType = "wrapper.pb-project"; name = Pods.xcodeproj; path = Pods/Pods.xcodeproj; sourceTree = "<group>"; };
		C465808A1A8D4AE3000DF359 /* Podfile */ = {isa = PBXFileReference; lastKnownFileType = text; path = Podfile; sourceTree = "<group>"; xcLanguageSpecificationIdentifier = xcode.lang.ruby; };
		C4676E081A6A4D1F00AE8BC2 /* ItemTableViewCell.swift */ = {isa = PBXFileReference; fileEncoding = 4; lastKnownFileType = sourcecode.swift; path = ItemTableViewCell.swift; sourceTree = "<group>"; };
		C4676E801A6DB0F800AE8BC2 /* Crashlytics.framework */ = {isa = PBXFileReference; lastKnownFileType = wrapper.framework; path = Crashlytics.framework; sourceTree = "<group>"; };
		C4676E811A6DB0F800AE8BC2 /* Fabric.framework */ = {isa = PBXFileReference; lastKnownFileType = wrapper.framework; path = Fabric.framework; sourceTree = "<group>"; };
		C4676E841A6EE98400AE8BC2 /* current.xcdatamodel */ = {isa = PBXFileReference; lastKnownFileType = wrapper.xcdatamodel; path = current.xcdatamodel; sourceTree = "<group>"; };
		C46934DE1A5D291C00A0AEA2 /* ItemsPageViewControllerDataSource.swift */ = {isa = PBXFileReference; fileEncoding = 4; lastKnownFileType = sourcecode.swift; path = ItemsPageViewControllerDataSource.swift; sourceTree = "<group>"; };
		C46FA8681AA56018004B5C45 /* UITableView+SnappingHeaderToTop.swift */ = {isa = PBXFileReference; fileEncoding = 4; lastKnownFileType = sourcecode.swift; path = "UITableView+SnappingHeaderToTop.swift"; sourceTree = "<group>"; };
		C4728B371A55BA6600D4251A /* Subscription.swift */ = {isa = PBXFileReference; fileEncoding = 4; lastKnownFileType = sourcecode.swift; path = Subscription.swift; sourceTree = "<group>"; };
		C4728B391A55BAC600D4251A /* CoreData.swift */ = {isa = PBXFileReference; fileEncoding = 4; lastKnownFileType = sourcecode.swift; path = CoreData.swift; sourceTree = "<group>"; };
		C48C5F8A1A867D3D00A1EA12 /* MobileCoreServices.framework */ = {isa = PBXFileReference; lastKnownFileType = wrapper.framework; name = MobileCoreServices.framework; path = System/Library/Frameworks/MobileCoreServices.framework; sourceTree = SDKROOT; };
		C48C5F941A8695BF00A1EA12 /* libFlurry_6.0.0.a */ = {isa = PBXFileReference; lastKnownFileType = archive.ar; name = libFlurry_6.0.0.a; path = Flurry/libFlurry_6.0.0.a; sourceTree = "<group>"; };
		C48C5F961A87344000A1EA12 /* ItemsPageViewController.swift */ = {isa = PBXFileReference; fileEncoding = 4; lastKnownFileType = sourcecode.swift; path = ItemsPageViewController.swift; sourceTree = "<group>"; };
		C48F31951A609DBB002B2E36 /* 88.xcdatamodel */ = {isa = PBXFileReference; lastKnownFileType = wrapper.xcdatamodel; path = 88.xcdatamodel; sourceTree = "<group>"; };
		C495409A1A575C1900F56168 /* UserDefaults.swift */ = {isa = PBXFileReference; fileEncoding = 4; lastKnownFileType = sourcecode.swift; path = UserDefaults.swift; sourceTree = "<group>"; };
		C495409C1A575D0C00F56168 /* GenericExtensions.swift */ = {isa = PBXFileReference; fileEncoding = 4; lastKnownFileType = sourcecode.swift; path = GenericExtensions.swift; sourceTree = "<group>"; };
		C495409E1A5780A700F56168 /* Item.swift */ = {isa = PBXFileReference; fileEncoding = 4; lastKnownFileType = sourcecode.swift; path = Item.swift; sourceTree = "<group>"; };
		C49540A01A57825100F56168 /* ItemsListViewController.swift */ = {isa = PBXFileReference; fileEncoding = 4; lastKnownFileType = sourcecode.swift; path = ItemsListViewController.swift; sourceTree = "<group>"; };
		C49540A41A57906600F56168 /* ItemSummaryWebViewController.swift */ = {isa = PBXFileReference; fileEncoding = 4; lastKnownFileType = sourcecode.swift; path = ItemSummaryWebViewController.swift; sourceTree = "<group>"; };
		C4AD2ADA1A5DED8700B39AC9 /* ItemsPageViewControllerDelegate.swift */ = {isa = PBXFileReference; fileEncoding = 4; lastKnownFileType = sourcecode.swift; path = ItemsPageViewControllerDelegate.swift; sourceTree = "<group>"; };
		C4BE521B1A7192BB00606403 /* FetchedObjectBinding.swift */ = {isa = PBXFileReference; fileEncoding = 4; lastKnownFileType = sourcecode.swift; path = FetchedObjectBinding.swift; sourceTree = "<group>"; };
		C4C1A3F51A574517007384E8 /* RSSSession.swift */ = {isa = PBXFileReference; fileEncoding = 4; lastKnownFileType = sourcecode.swift; path = RSSSession.swift; sourceTree = "<group>"; };
		C4C422171A75E355008803A7 /* MainNavigationController.swift */ = {isa = PBXFileReference; fileEncoding = 4; lastKnownFileType = sourcecode.swift; path = MainNavigationController.swift; sourceTree = "<group>"; };
		C4C780131A7DEAE2009CB5FC /* MarkAllAsReadActivity.swift */ = {isa = PBXFileReference; fileEncoding = 4; lastKnownFileType = sourcecode.swift; path = MarkAllAsReadActivity.swift; sourceTree = "<group>"; };
		C4C780151A7DF1EC009CB5FC /* ApplicationActivities.swift */ = {isa = PBXFileReference; fileEncoding = 4; lastKnownFileType = sourcecode.swift; path = ApplicationActivities.swift; sourceTree = "<group>"; };
		C4C780171A7DF2B0009CB5FC /* TypeFilteringActivity.swift */ = {isa = PBXFileReference; fileEncoding = 4; lastKnownFileType = sourcecode.swift; path = TypeFilteringActivity.swift; sourceTree = "<group>"; };
		C4CDD39D1A5350B40087DD05 /* RSSReader.app */ = {isa = PBXFileReference; explicitFileType = wrapper.application; includeInIndex = 0; path = RSSReader.app; sourceTree = BUILT_PRODUCTS_DIR; };
		C4CDD3A11A5350B40087DD05 /* Info.plist */ = {isa = PBXFileReference; lastKnownFileType = text.plist.xml; path = Info.plist; sourceTree = "<group>"; };
		C4CDD3A21A5350B40087DD05 /* AppDelegate.swift */ = {isa = PBXFileReference; lastKnownFileType = sourcecode.swift; path = AppDelegate.swift; sourceTree = "<group>"; };
		C4CDD3A91A5350B40087DD05 /* Base */ = {isa = PBXFileReference; lastKnownFileType = file.storyboard; name = Base; path = Base.lproj/Main.storyboard; sourceTree = "<group>"; };
		C4CDD3AB1A5350B50087DD05 /* Images.xcassets */ = {isa = PBXFileReference; lastKnownFileType = folder.assetcatalog; path = Images.xcassets; sourceTree = "<group>"; };
		C4CDD3AE1A5350B50087DD05 /* Base */ = {isa = PBXFileReference; lastKnownFileType = file.xib; name = Base; path = Base.lproj/LaunchScreen.xib; sourceTree = "<group>"; };
		C4CDD3B41A5350B50087DD05 /* RSSReaderTests.xctest */ = {isa = PBXFileReference; explicitFileType = wrapper.cfbundle; includeInIndex = 0; path = RSSReaderTests.xctest; sourceTree = BUILT_PRODUCTS_DIR; };
		C4CDD3B91A5350B50087DD05 /* Info.plist */ = {isa = PBXFileReference; lastKnownFileType = text.plist.xml; path = Info.plist; sourceTree = "<group>"; };
		C4CDD3BA1A5350B50087DD05 /* RSSReaderTests.swift */ = {isa = PBXFileReference; lastKnownFileType = sourcecode.swift; path = RSSReaderTests.swift; sourceTree = "<group>"; };
		C4CDD3C41A5357B20087DD05 /* Settings.bundle */ = {isa = PBXFileReference; lastKnownFileType = "wrapper.plug-in"; path = Settings.bundle; sourceTree = "<group>"; };
		C4CDE1901A5A06A600F16A2E /* ItemSummaryTemplate.html */ = {isa = PBXFileReference; fileEncoding = 4; lastKnownFileType = text.html; path = ItemSummaryTemplate.html; sourceTree = "<group>"; };
		C4D56A2A1A7C33C0007BE398 /* PackageApplication */ = {isa = PBXFileReference; lastKnownFileType = text.script.sh; path = PackageApplication; sourceTree = "<group>"; };
		C4EF270D1A8D353C000EBE63 /* UserMessages.swift */ = {isa = PBXFileReference; fileEncoding = 4; lastKnownFileType = sourcecode.swift; path = UserMessages.swift; sourceTree = "<group>"; };
		C4EF76B51AA7A40200E94E80 /* ProgressEnabledURLSessionTaskGenerator.swift */ = {isa = PBXFileReference; fileEncoding = 4; lastKnownFileType = sourcecode.swift; path = ProgressEnabledURLSessionTaskGenerator.swift; sourceTree = "<group>"; };
		C4F575CF1A797C7B00F12F20 /* AddToFavoritesActivity.swift */ = {isa = PBXFileReference; fileEncoding = 4; lastKnownFileType = sourcecode.swift; path = AddToFavoritesActivity.swift; sourceTree = "<group>"; };
		C4F575D51A7988DB00F12F20 /* OpenWebPageActivity.swift */ = {isa = PBXFileReference; fileEncoding = 4; lastKnownFileType = sourcecode.swift; path = OpenWebPageActivity.swift; sourceTree = "<group>"; };
		C4FD88511A5F10BD0035E4D1 /* Container.swift */ = {isa = PBXFileReference; fileEncoding = 4; lastKnownFileType = sourcecode.swift; path = Container.swift; sourceTree = "<group>"; };
		C4FD88531A5F14EA0035E4D1 /* 140.xcdatamodel */ = {isa = PBXFileReference; lastKnownFileType = wrapper.xcdatamodel; path = 140.xcdatamodel; sourceTree = "<group>"; };
		C4FD88541A5F4A390035E4D1 /* 81.xcdatamodel */ = {isa = PBXFileReference; lastKnownFileType = wrapper.xcdatamodel; path = 81.xcdatamodel; sourceTree = "<group>"; };
		CA2E0441FFA564885EE4A6C9 /* UITabBarController+CVKHiearachySearcher.swift */ = {isa = PBXFileReference; fileEncoding = 4; lastKnownFileType = sourcecode.swift; path = "UITabBarController+CVKHiearachySearcher.swift"; sourceTree = "<group>"; };
/* End PBXFileReference section */

/* Begin PBXFrameworksBuildPhase section */
		C4CDD39A1A5350B40087DD05 /* Frameworks */ = {
			isa = PBXFrameworksBuildPhase;
			buildActionMask = 2147483647;
			files = (
				C48C5F8B1A867D3D00A1EA12 /* MobileCoreServices.framework in Frameworks */,
				C40C6BF71A72F23C00FAFA17 /* CoreMedia.framework in Frameworks */,
				C40C6BF51A72F17100FAFA17 /* SystemConfiguration.framework in Frameworks */,
				C40C6BF31A72F0BC00FAFA17 /* AVFoundation.framework in Frameworks */,
				6EF92030B2683164FEE70B62 /* libPods.a in Frameworks */,
			);
			runOnlyForDeploymentPostprocessing = 0;
		};
		C4CDD3B11A5350B50087DD05 /* Frameworks */ = {
			isa = PBXFrameworksBuildPhase;
			buildActionMask = 2147483647;
			files = (
			);
			runOnlyForDeploymentPostprocessing = 0;
		};
/* End PBXFrameworksBuildPhase section */

/* Begin PBXGroup section */
		2E512001F26095B4FD13F13E /* Pods */ = {
			isa = PBXGroup;
			children = (
				18B271D7F3757D52EE1A6C8B /* libPods.a */,
				C44FCA631A8C0DDF00C91544 /* Pods.debug.xcconfig */,
				C44FCA641A8C0DDF00C91544 /* Pods.release.xcconfig */,
				C465807E1A8D479C000DF359 /* Pods.xcodeproj */,
			);
			name = Pods;
			sourceTree = "<group>";
		};
		C40C6BFC1A73C78F00FAFA17 /* XcodeBuildPhases */ = {
			isa = PBXGroup;
			children = (
				C40C6BFD1A73C78F00FAFA17 /* EmbedSourceVersionIntoBundle */,
				C40C6BFE1A73C78F00FAFA17 /* IntegrateAppsee */,
				C40C6C011A73C80C00FAFA17 /* IntegrateFabric */,
				C44FCA5C1A8AEECA00C91544 /* UploadToFabric */,
				C40C6C001A73C78F00FAFA17 /* RegenerateSBConstantsSwift */,
				C4D56A2A1A7C33C0007BE398 /* PackageApplication */,
			);
			path = XcodeBuildPhases;
			sourceTree = "<group>";
		};
		C418B32D1A594705002C0578 /* Generic */ = {
			isa = PBXGroup;
			children = (
				C4EF76B51AA7A40200E94E80 /* ProgressEnabledURLSessionTaskGenerator.swift */,
				C495409C1A575D0C00F56168 /* GenericExtensions.swift */,
				C451590F1A65E83400374A8C /* KVOBinding.swift */,
				C41707CE1A56F32500AED81C /* GenericCoreDataExtensions.swift */,
				C4BE521B1A7192BB00606403 /* FetchedObjectBinding.swift */,
				C45158981A65E1FE00374A8C /* GenericURLSessionExtensions.swift */,
				C46FA8681AA56018004B5C45 /* UITableView+SnappingHeaderToTop.swift */,
				C40C6C061A74AB5E00FAFA17 /* KVOCompliantUserDefaults.h */,
				C40C6C071A74AB5E00FAFA17 /* KVOCompliantUserDefaults.mm */,
				C46550471A7870E60046FFBD /* UINavigationItem+MultipleBarButtonItemsCollections.h */,
				C46550481A7870E60046FFBD /* UINavigationItem+MultipleBarButtonItemsCollections.m */,
			);
			name = Generic;
			sourceTree = "<group>";
		};
		C452ED851A72C680003C6537 /* Frameworks */ = {
			isa = PBXGroup;
			children = (
				C48C5F941A8695BF00A1EA12 /* libFlurry_6.0.0.a */,
				C48C5F8A1A867D3D00A1EA12 /* MobileCoreServices.framework */,
				C40C6BF61A72F23C00FAFA17 /* CoreMedia.framework */,
				C40C6BF41A72F17100FAFA17 /* SystemConfiguration.framework */,
				C40C6BF21A72F0BC00FAFA17 /* AVFoundation.framework */,
				C40C6BF01A72EFEE00FAFA17 /* Appsee.framework */,
				C4676E801A6DB0F800AE8BC2 /* Crashlytics.framework */,
				C4676E811A6DB0F800AE8BC2 /* Fabric.framework */,
			);
			name = Frameworks;
			sourceTree = "<group>";
		};
		C465807F1A8D479C000DF359 /* Products */ = {
			isa = PBXGroup;
			children = (
				C46580851A8D479D000DF359 /* libPods.a */,
				C46580871A8D479D000DF359 /* libPods-AFMInfoBanner.a */,
				C46580891A8D479D000DF359 /* libPods-CVKHierarchySearcher.a */,
				C4110C5D1AA797F300DAC7E5 /* libPods-DZReadability.a */,
				C4110C5F1AA797F300DAC7E5 /* libPods-HTMLReader.a */,
				C4100F611A8E96CB00D669C6 /* libPods-TUSafariActivity.a */,
				C4110C611AA797F300DAC7E5 /* TUSafariActivity.bundle */,
				C46580911A8D4B4E000DF359 /* libPods-UXCam.a */,
			);
			name = Products;
			sourceTree = "<group>";
		};
		C49540A21A57827300F56168 /* UI */ = {
			isa = PBXGroup;
			children = (
				C40C6C091A74BE3900FAFA17 /* KVOCompliantUserDefaults+RSSReader.h */,
				C40C6C0A1A74BE3900FAFA17 /* KVOCompliantUserDefaults+RSSReader.m */,
				C4CDD3AB1A5350B50087DD05 /* Images.xcassets */,
				C4CDD3AD1A5350B50087DD05 /* LaunchScreen.xib */,
				C4CDD3A81A5350B40087DD05 /* Main.storyboard */,
				C4676E081A6A4D1F00AE8BC2 /* ItemTableViewCell.swift */,
				C44D91631AAE73830053B9E6 /* ItemTableViewCell.xib */,
				C44D916C1AAE773B0053B9E6 /* ItemSimpleTableViewCell.xib */,
				C46934DE1A5D291C00A0AEA2 /* ItemsPageViewControllerDataSource.swift */,
				C4AD2ADA1A5DED8700B39AC9 /* ItemsPageViewControllerDelegate.swift */,
				C48C5F961A87344000A1EA12 /* ItemsPageViewController.swift */,
				C42802681A5B47EA002474E1 /* FoldersListTableViewController.swift */,
				C40A24FE1A672B2100B5D959 /* TableViewContainerCell.swift */,
				C49540A01A57825100F56168 /* ItemsListViewController.swift */,
				C45BC3E91A8003F40008A5D1 /* HistoryViewController.swift */,
				C49540A41A57906600F56168 /* ItemSummaryWebViewController.swift */,
				C4CDE1901A5A06A600F16A2E /* ItemSummaryTemplate.html */,
				C45ECD051A62054C00ADC113 /* SBConstants.swift */,
				C4C422171A75E355008803A7 /* MainNavigationController.swift */,
				C4C780121A7DEAAA009CB5FC /* UI Activities */,
				CA2E0441FFA564885EE4A6C9 /* UITabBarController+CVKHiearachySearcher.swift */,
			);
			name = UI;
			sourceTree = "<group>";
		};
		C49540A31A5782B900F56168 /* Model */ = {
			isa = PBXGroup;
			children = (
				C41707CA1A56076A00AED81C /* Globals.swift */,
				C4C1A3F51A574517007384E8 /* RSSSession.swift */,
				C41707CC1A56E85B00AED81C /* Folder.swift */,
				C4FD88511A5F10BD0035E4D1 /* Container.swift */,
				C4728B371A55BA6600D4251A /* Subscription.swift */,
				C495409E1A5780A700F56168 /* Item.swift */,
				C495409A1A575C1900F56168 /* UserDefaults.swift */,
				C4728B391A55BAC600D4251A /* CoreData.swift */,
				C401C65B1A5C971800CF6AA4 /* MarkingAsRead.swift */,
				C42802741A5C2E0D002474E1 /* RSSReader.xcdatamodeld */,
			);
			name = Model;
			sourceTree = "<group>";
		};
		C4C780121A7DEAAA009CB5FC /* UI Activities */ = {
			isa = PBXGroup;
			children = (
				C4C780151A7DF1EC009CB5FC /* ApplicationActivities.swift */,
				C4C780171A7DF2B0009CB5FC /* TypeFilteringActivity.swift */,
				C4F575CF1A797C7B00F12F20 /* AddToFavoritesActivity.swift */,
				C4F575D51A7988DB00F12F20 /* OpenWebPageActivity.swift */,
				C4C780131A7DEAE2009CB5FC /* MarkAllAsReadActivity.swift */,
			);
			name = "UI Activities";
			sourceTree = "<group>";
		};
		C4CDD3941A5350B40087DD05 = {
			isa = PBXGroup;
			children = (
				C465808A1A8D4AE3000DF359 /* Podfile */,
				C40C6BFB1A73C6DF00FAFA17 /* RSSReader-app.xcconfig */,
				C4CDD39F1A5350B40087DD05 /* RSSReader */,
				C4CDD3B71A5350B50087DD05 /* RSSReaderTests */,
				C44FCA5F1A8AF9CF00C91544 /* XcodeBotScripts */,
				C40C6BFC1A73C78F00FAFA17 /* XcodeBuildPhases */,
				2E512001F26095B4FD13F13E /* Pods */,
				C452ED851A72C680003C6537 /* Frameworks */,
				C4CDD39E1A5350B40087DD05 /* Products */,
			);
			sourceTree = "<group>";
		};
		C4CDD39E1A5350B40087DD05 /* Products */ = {
			isa = PBXGroup;
			children = (
				C4CDD39D1A5350B40087DD05 /* RSSReader.app */,
				C4CDD3B41A5350B50087DD05 /* RSSReaderTests.xctest */,
			);
			name = Products;
			sourceTree = "<group>";
		};
		C4CDD39F1A5350B40087DD05 /* RSSReader */ = {
			isa = PBXGroup;
			children = (
				C40C6C051A74AB5E00FAFA17 /* RSSReader-Bridging-Header.h */,
				C4CDD3A21A5350B40087DD05 /* AppDelegate.swift */,
				C4EF270D1A8D353C000EBE63 /* UserMessages.swift */,
				C418B32D1A594705002C0578 /* Generic */,
				C49540A31A5782B900F56168 /* Model */,
				C49540A21A57827300F56168 /* UI */,
				C4CDD3A01A5350B40087DD05 /* Supporting Files */,
				C4CDD3C41A5357B20087DD05 /* Settings.bundle */,
			);
			path = RSSReader;
			sourceTree = "<group>";
		};
		C4CDD3A01A5350B40087DD05 /* Supporting Files */ = {
			isa = PBXGroup;
			children = (
				C4CDD3A11A5350B40087DD05 /* Info.plist */,
			);
			name = "Supporting Files";
			sourceTree = "<group>";
		};
		C4CDD3B71A5350B50087DD05 /* RSSReaderTests */ = {
			isa = PBXGroup;
			children = (
				C4CDD3BA1A5350B50087DD05 /* RSSReaderTests.swift */,
				C4CDD3B81A5350B50087DD05 /* Supporting Files */,
			);
			path = RSSReaderTests;
			sourceTree = "<group>";
		};
		C4CDD3B81A5350B50087DD05 /* Supporting Files */ = {
			isa = PBXGroup;
			children = (
				C4CDD3B91A5350B50087DD05 /* Info.plist */,
			);
			name = "Supporting Files";
			sourceTree = "<group>";
		};
/* End PBXGroup section */

/* Begin PBXNativeTarget section */
		C4CDD39C1A5350B40087DD05 /* RSSReader */ = {
			isa = PBXNativeTarget;
			buildConfigurationList = C4CDD3BE1A5350B50087DD05 /* Build configuration list for PBXNativeTarget "RSSReader" */;
			buildPhases = (
				812381B2F1424F127B05DC35 /* Check Pods Manifest.lock */,
				C45ECD071A62070900ADC113 /* Regenerate SBConstants.swift */,
				C4CDD3991A5350B40087DD05 /* Sources */,
				C4CDD39A1A5350B40087DD05 /* Frameworks */,
				C4CDD39B1A5350B40087DD05 /* Resources */,
				C418B3281A593F4E002C0578 /* Embed Source Version into Bundle */,
				C4676E7F1A6DB0C900AE8BC2 /* Integrate Fabric */,
				C40C6BF81A73017B00FAFA17 /* Integrate Appsee */,
				B84A677FEC7B99E1165830AC /* Copy Pods Resources */,
			);
			buildRules = (
			);
			dependencies = (
				C4100F5D1A8E96CB00D669C6 /* PBXTargetDependency */,
			);
			name = RSSReader;
			productName = RSSReader;
			productReference = C4CDD39D1A5350B40087DD05 /* RSSReader.app */;
			productType = "com.apple.product-type.application";
		};
		C4CDD3B31A5350B50087DD05 /* RSSReaderTests */ = {
			isa = PBXNativeTarget;
			buildConfigurationList = C4CDD3C11A5350B50087DD05 /* Build configuration list for PBXNativeTarget "RSSReaderTests" */;
			buildPhases = (
				C4CDD3B01A5350B50087DD05 /* Sources */,
				C4CDD3B11A5350B50087DD05 /* Frameworks */,
				C4CDD3B21A5350B50087DD05 /* Resources */,
			);
			buildRules = (
			);
			dependencies = (
				C4CDD3B61A5350B50087DD05 /* PBXTargetDependency */,
			);
			name = RSSReaderTests;
			productName = RSSReaderTests;
			productReference = C4CDD3B41A5350B50087DD05 /* RSSReaderTests.xctest */;
			productType = "com.apple.product-type.bundle.unit-test";
		};
/* End PBXNativeTarget section */

/* Begin PBXProject section */
		C4CDD3951A5350B40087DD05 /* Project object */ = {
			isa = PBXProject;
			attributes = {
				LastUpgradeCheck = 0620;
				ORGANIZATIONNAME = "Grigory Entin";
				TargetAttributes = {
					C4CDD39C1A5350B40087DD05 = {
						CreatedOnToolsVersion = 6.2;
						DevelopmentTeam = 5BV57B67TB;
					};
					C4CDD3B31A5350B50087DD05 = {
						CreatedOnToolsVersion = 6.2;
						TestTargetID = C4CDD39C1A5350B40087DD05;
					};
				};
			};
			buildConfigurationList = C4CDD3981A5350B40087DD05 /* Build configuration list for PBXProject "RSSReader" */;
			compatibilityVersion = "Xcode 3.2";
			developmentRegion = English;
			hasScannedForEncodings = 0;
			knownRegions = (
				en,
				Base,
			);
			mainGroup = C4CDD3941A5350B40087DD05;
			productRefGroup = C4CDD39E1A5350B40087DD05 /* Products */;
			projectDirPath = "";
			projectReferences = (
				{
					ProductGroup = C465807F1A8D479C000DF359 /* Products */;
					ProjectRef = C465807E1A8D479C000DF359 /* Pods.xcodeproj */;
				},
			);
			projectRoot = "";
			targets = (
				C4CDD39C1A5350B40087DD05 /* RSSReader */,
				C4CDD3B31A5350B50087DD05 /* RSSReaderTests */,
			);
		};
/* End PBXProject section */

/* Begin PBXReferenceProxy section */
		C4100F611A8E96CB00D669C6 /* libPods-TUSafariActivity.a */ = {
			isa = PBXReferenceProxy;
			fileType = archive.ar;
			path = "libPods-TUSafariActivity.a";
			remoteRef = C4100F601A8E96CB00D669C6 /* PBXContainerItemProxy */;
			sourceTree = BUILT_PRODUCTS_DIR;
		};
		C4110C5D1AA797F300DAC7E5 /* libPods-DZReadability.a */ = {
			isa = PBXReferenceProxy;
			fileType = archive.ar;
			path = "libPods-DZReadability.a";
			remoteRef = C4110C5C1AA797F300DAC7E5 /* PBXContainerItemProxy */;
			sourceTree = BUILT_PRODUCTS_DIR;
		};
		C4110C5F1AA797F300DAC7E5 /* libPods-HTMLReader.a */ = {
			isa = PBXReferenceProxy;
			fileType = archive.ar;
			path = "libPods-HTMLReader.a";
			remoteRef = C4110C5E1AA797F300DAC7E5 /* PBXContainerItemProxy */;
			sourceTree = BUILT_PRODUCTS_DIR;
		};
		C4110C611AA797F300DAC7E5 /* TUSafariActivity.bundle */ = {
			isa = PBXReferenceProxy;
			fileType = wrapper.cfbundle;
			path = TUSafariActivity.bundle;
			remoteRef = C4110C601AA797F300DAC7E5 /* PBXContainerItemProxy */;
			sourceTree = BUILT_PRODUCTS_DIR;
		};
		C46580851A8D479D000DF359 /* libPods.a */ = {
			isa = PBXReferenceProxy;
			fileType = archive.ar;
			path = libPods.a;
			remoteRef = C46580841A8D479D000DF359 /* PBXContainerItemProxy */;
			sourceTree = BUILT_PRODUCTS_DIR;
		};
		C46580871A8D479D000DF359 /* libPods-AFMInfoBanner.a */ = {
			isa = PBXReferenceProxy;
			fileType = archive.ar;
			path = "libPods-AFMInfoBanner.a";
			remoteRef = C46580861A8D479D000DF359 /* PBXContainerItemProxy */;
			sourceTree = BUILT_PRODUCTS_DIR;
		};
		C46580891A8D479D000DF359 /* libPods-CVKHierarchySearcher.a */ = {
			isa = PBXReferenceProxy;
			fileType = archive.ar;
			path = "libPods-CVKHierarchySearcher.a";
			remoteRef = C46580881A8D479D000DF359 /* PBXContainerItemProxy */;
			sourceTree = BUILT_PRODUCTS_DIR;
		};
		C46580911A8D4B4E000DF359 /* libPods-UXCam.a */ = {
			isa = PBXReferenceProxy;
			fileType = archive.ar;
			path = "libPods-UXCam.a";
			remoteRef = C46580901A8D4B4E000DF359 /* PBXContainerItemProxy */;
			sourceTree = BUILT_PRODUCTS_DIR;
		};
/* End PBXReferenceProxy section */

/* Begin PBXResourcesBuildPhase section */
		C4CDD39B1A5350B40087DD05 /* Resources */ = {
			isa = PBXResourcesBuildPhase;
			buildActionMask = 2147483647;
			files = (
				C4CDE1911A5A06A600F16A2E /* ItemSummaryTemplate.html in Resources */,
				C4CDD3C51A5357B20087DD05 /* Settings.bundle in Resources */,
				C4CDD3AA1A5350B40087DD05 /* Main.storyboard in Resources */,
				C4CDD3AF1A5350B50087DD05 /* LaunchScreen.xib in Resources */,
				C44D91641AAE73830053B9E6 /* ItemTableViewCell.xib in Resources */,
				C4CDD3AC1A5350B50087DD05 /* Images.xcassets in Resources */,
				C44D916D1AAE773B0053B9E6 /* ItemSimpleTableViewCell.xib in Resources */,
			);
			runOnlyForDeploymentPostprocessing = 0;
		};
		C4CDD3B21A5350B50087DD05 /* Resources */ = {
			isa = PBXResourcesBuildPhase;
			buildActionMask = 2147483647;
			files = (
			);
			runOnlyForDeploymentPostprocessing = 0;
		};
/* End PBXResourcesBuildPhase section */

/* Begin PBXShellScriptBuildPhase section */
		812381B2F1424F127B05DC35 /* Check Pods Manifest.lock */ = {
			isa = PBXShellScriptBuildPhase;
			buildActionMask = 2147483647;
			files = (
			);
			inputPaths = (
			);
			name = "Check Pods Manifest.lock";
			outputPaths = (
			);
			runOnlyForDeploymentPostprocessing = 0;
			shellPath = /bin/sh;
			shellScript = "diff \"${PODS_ROOT}/../Podfile.lock\" \"${PODS_ROOT}/Manifest.lock\" > /dev/null\nif [[ $? != 0 ]] ; then\n    cat << EOM\nerror: The sandbox is not in sync with the Podfile.lock. Run 'pod install' or update your CocoaPods installation.\nEOM\n    exit 1\nfi\n";
			showEnvVarsInLog = 0;
		};
		B84A677FEC7B99E1165830AC /* Copy Pods Resources */ = {
			isa = PBXShellScriptBuildPhase;
			buildActionMask = 2147483647;
			files = (
			);
			inputPaths = (
			);
			name = "Copy Pods Resources";
			outputPaths = (
			);
			runOnlyForDeploymentPostprocessing = 0;
			shellPath = /bin/sh;
			shellScript = "\"${SRCROOT}/Pods/Target Support Files/Pods/Pods-resources.sh\"\n";
			showEnvVarsInLog = 0;
		};
		C40C6BF81A73017B00FAFA17 /* Integrate Appsee */ = {
			isa = PBXShellScriptBuildPhase;
			buildActionMask = 2147483647;
			files = (
			);
			inputPaths = (
			);
			name = "Integrate Appsee";
			outputPaths = (
			);
			runOnlyForDeploymentPostprocessing = 0;
			shellPath = "/bin/sh -e";
			shellScript = "if false\nthen\n    \"${SRCROOT:?}\"/XcodeBuildPhases/IntegrateAppsee\nfi\n";
			showEnvVarsInLog = 0;
		};
		C418B3281A593F4E002C0578 /* Embed Source Version into Bundle */ = {
			isa = PBXShellScriptBuildPhase;
			buildActionMask = 2147483647;
			files = (
			);
			inputPaths = (
			);
			name = "Embed Source Version into Bundle";
			outputPaths = (
			);
			runOnlyForDeploymentPostprocessing = 0;
			shellPath = "/bin/sh -e";
			shellScript = "\"${SRCROOT:?}\"/XcodeBuildPhases/EmbedSourceVersionIntoBundle\n";
			showEnvVarsInLog = 0;
		};
		C45ECD071A62070900ADC113 /* Regenerate SBConstants.swift */ = {
			isa = PBXShellScriptBuildPhase;
			buildActionMask = 2147483647;
			files = (
			);
			inputPaths = (
				"$(SRCROOT)/$(TARGET_NAME)/Base.lproj/Main.storyboard",
			);
			name = "Regenerate SBConstants.swift";
			outputPaths = (
				"$(SRCROOT)/$(TARGET_NAME)/SBConstants.swift",
			);
			runOnlyForDeploymentPostprocessing = 0;
			shellPath = "/bin/sh -e";
			shellScript = "\"${SRCROOT:?}\"/XcodeBuildPhases/RegenerateSBConstantsSwift";
			showEnvVarsInLog = 0;
		};
		C4676E7F1A6DB0C900AE8BC2 /* Integrate Fabric */ = {
			isa = PBXShellScriptBuildPhase;
			buildActionMask = 2147483647;
			files = (
			);
			inputPaths = (
			);
			name = "Integrate Fabric";
			outputPaths = (
			);
			runOnlyForDeploymentPostprocessing = 0;
			shellPath = "/bin/sh -e";
			shellScript = "\"${SRCROOT:?}\"/XcodeBuildPhases/IntegrateFabric\n";
			showEnvVarsInLog = 0;
		};
/* End PBXShellScriptBuildPhase section */

/* Begin PBXSourcesBuildPhase section */
		C4CDD3991A5350B40087DD05 /* Sources */ = {
			isa = PBXSourcesBuildPhase;
			buildActionMask = 2147483647;
			files = (
				C46550491A7870E60046FFBD /* UINavigationItem+MultipleBarButtonItemsCollections.m in Sources */,
				C45158991A65E1FE00374A8C /* GenericURLSessionExtensions.swift in Sources */,
				C4C780161A7DF1EC009CB5FC /* ApplicationActivities.swift in Sources */,
				C49540A51A57906600F56168 /* ItemSummaryWebViewController.swift in Sources */,
				C4AD2ADB1A5DED8700B39AC9 /* ItemsPageViewControllerDelegate.swift in Sources */,
				C4C1A3F61A574517007384E8 /* RSSSession.swift in Sources */,
				C4676E091A6A4D1F00AE8BC2 /* ItemTableViewCell.swift in Sources */,
				C40A24FF1A672B2100B5D959 /* TableViewContainerCell.swift in Sources */,
				C4EF270E1A8D353C000EBE63 /* UserMessages.swift in Sources */,
				C4FD88521A5F10BD0035E4D1 /* Container.swift in Sources */,
				C41707CB1A56076A00AED81C /* Globals.swift in Sources */,
				C495409B1A575C1900F56168 /* UserDefaults.swift in Sources */,
				C49540A11A57825100F56168 /* ItemsListViewController.swift in Sources */,
				C4C780181A7DF2B0009CB5FC /* TypeFilteringActivity.swift in Sources */,
				C45ECD061A62054C00ADC113 /* SBConstants.swift in Sources */,
				C42802691A5B47EA002474E1 /* FoldersListTableViewController.swift in Sources */,
				C48C5F971A87344000A1EA12 /* ItemsPageViewController.swift in Sources */,
				C41707CD1A56E85B00AED81C /* Folder.swift in Sources */,
				C4CDD3A31A5350B40087DD05 /* AppDelegate.swift in Sources */,
				C42802781A5C2E0D002474E1 /* RSSReader.xcdatamodeld in Sources */,
				C495409F1A5780A700F56168 /* Item.swift in Sources */,
				C45159101A65E83400374A8C /* KVOBinding.swift in Sources */,
				C4C422181A75E355008803A7 /* MainNavigationController.swift in Sources */,
				C4728B381A55BA6600D4251A /* Subscription.swift in Sources */,
				C40C6C081A74AB5E00FAFA17 /* KVOCompliantUserDefaults.mm in Sources */,
				C46FA8691AA56018004B5C45 /* UITableView+SnappingHeaderToTop.swift in Sources */,
				C41707CF1A56F32500AED81C /* GenericCoreDataExtensions.swift in Sources */,
				C4C780141A7DEAE2009CB5FC /* MarkAllAsReadActivity.swift in Sources */,
				C4EF76B61AA7A40200E94E80 /* ProgressEnabledURLSessionTaskGenerator.swift in Sources */,
				C401C65C1A5C971800CF6AA4 /* MarkingAsRead.swift in Sources */,
				C4728B3A1A55BAC600D4251A /* CoreData.swift in Sources */,
				C4F575D01A797C7B00F12F20 /* AddToFavoritesActivity.swift in Sources */,
				C4F575D61A7988DB00F12F20 /* OpenWebPageActivity.swift in Sources */,
				C4BE521C1A7192BB00606403 /* FetchedObjectBinding.swift in Sources */,
				C40C6C0B1A74BE3900FAFA17 /* KVOCompliantUserDefaults+RSSReader.m in Sources */,
				C46934DF1A5D291C00A0AEA2 /* ItemsPageViewControllerDataSource.swift in Sources */,
				C45BC3EA1A8003F40008A5D1 /* HistoryViewController.swift in Sources */,
				C495409D1A575D0C00F56168 /* GenericExtensions.swift in Sources */,
				CA2F924C7954C9EC08D55206 /* UITabBarController+CVKHiearachySearcher.swift in Sources */,
			);
			runOnlyForDeploymentPostprocessing = 0;
		};
		C4CDD3B01A5350B50087DD05 /* Sources */ = {
			isa = PBXSourcesBuildPhase;
			buildActionMask = 2147483647;
			files = (
				C4CDD3BB1A5350B50087DD05 /* RSSReaderTests.swift in Sources */,
			);
			runOnlyForDeploymentPostprocessing = 0;
		};
/* End PBXSourcesBuildPhase section */

/* Begin PBXTargetDependency section */
		C4100F5D1A8E96CB00D669C6 /* PBXTargetDependency */ = {
			isa = PBXTargetDependency;
			name = Pods;
			targetProxy = C4100F5C1A8E96CB00D669C6 /* PBXContainerItemProxy */;
		};
		C4CDD3B61A5350B50087DD05 /* PBXTargetDependency */ = {
			isa = PBXTargetDependency;
			target = C4CDD39C1A5350B40087DD05 /* RSSReader */;
			targetProxy = C4CDD3B51A5350B50087DD05 /* PBXContainerItemProxy */;
		};
/* End PBXTargetDependency section */

/* Begin PBXVariantGroup section */
		C4CDD3A81A5350B40087DD05 /* Main.storyboard */ = {
			isa = PBXVariantGroup;
			children = (
				C4CDD3A91A5350B40087DD05 /* Base */,
			);
			name = Main.storyboard;
			sourceTree = "<group>";
		};
		C4CDD3AD1A5350B50087DD05 /* LaunchScreen.xib */ = {
			isa = PBXVariantGroup;
			children = (
				C4CDD3AE1A5350B50087DD05 /* Base */,
			);
			name = LaunchScreen.xib;
			sourceTree = "<group>";
		};
/* End PBXVariantGroup section */

/* Begin XCBuildConfiguration section */
		C4CDD3BC1A5350B50087DD05 /* Debug */ = {
			isa = XCBuildConfiguration;
			baseConfigurationReference = C44FCA631A8C0DDF00C91544 /* Pods.debug.xcconfig */;
			buildSettings = {
				ALWAYS_SEARCH_USER_PATHS = NO;
				CLANG_CXX_LANGUAGE_STANDARD = "gnu++0x";
				CLANG_CXX_LIBRARY = "libc++";
				CLANG_ENABLE_MODULES = YES;
				CLANG_ENABLE_OBJC_ARC = YES;
				CLANG_WARN_BOOL_CONVERSION = YES;
				CLANG_WARN_CONSTANT_CONVERSION = YES;
				CLANG_WARN_DIRECT_OBJC_ISA_USAGE = YES_ERROR;
				CLANG_WARN_EMPTY_BODY = YES;
				CLANG_WARN_ENUM_CONVERSION = YES;
				CLANG_WARN_INT_CONVERSION = YES;
				CLANG_WARN_OBJC_ROOT_CLASS = YES_ERROR;
				CLANG_WARN_UNREACHABLE_CODE = YES;
				CLANG_WARN__DUPLICATE_METHOD_MATCH = YES;
				"CODE_SIGN_IDENTITY[sdk=iphoneos*]" = "iPhone Developer";
				COPY_PHASE_STRIP = NO;
				ENABLE_STRICT_OBJC_MSGSEND = YES;
				GCC_C_LANGUAGE_STANDARD = gnu99;
				GCC_DYNAMIC_NO_PIC = NO;
				GCC_OPTIMIZATION_LEVEL = 0;
				GCC_PREPROCESSOR_DEFINITIONS = (
					"DEBUG=1",
					"$(inherited)",
				);
				GCC_SYMBOLS_PRIVATE_EXTERN = NO;
				GCC_WARN_64_TO_32_BIT_CONVERSION = YES;
				GCC_WARN_ABOUT_RETURN_TYPE = YES_ERROR;
				GCC_WARN_UNDECLARED_SELECTOR = YES;
				GCC_WARN_UNINITIALIZED_AUTOS = YES_AGGRESSIVE;
				GCC_WARN_UNUSED_FUNCTION = YES;
				GCC_WARN_UNUSED_VARIABLE = YES;
				IPHONEOS_DEPLOYMENT_TARGET = 8.1;
				MTL_ENABLE_DEBUG_INFO = YES;
				ONLY_ACTIVE_ARCH = YES;
				SDKROOT = iphoneos;
				SWIFT_OPTIMIZATION_LEVEL = "-Onone";
				TARGETED_DEVICE_FAMILY = "1,2";
			};
			name = Debug;
		};
		C4CDD3BD1A5350B50087DD05 /* Release */ = {
			isa = XCBuildConfiguration;
			baseConfigurationReference = C44FCA641A8C0DDF00C91544 /* Pods.release.xcconfig */;
			buildSettings = {
				ALWAYS_SEARCH_USER_PATHS = NO;
				CLANG_CXX_LANGUAGE_STANDARD = "gnu++0x";
				CLANG_CXX_LIBRARY = "libc++";
				CLANG_ENABLE_MODULES = YES;
				CLANG_ENABLE_OBJC_ARC = YES;
				CLANG_WARN_BOOL_CONVERSION = YES;
				CLANG_WARN_CONSTANT_CONVERSION = YES;
				CLANG_WARN_DIRECT_OBJC_ISA_USAGE = YES_ERROR;
				CLANG_WARN_EMPTY_BODY = YES;
				CLANG_WARN_ENUM_CONVERSION = YES;
				CLANG_WARN_INT_CONVERSION = YES;
				CLANG_WARN_OBJC_ROOT_CLASS = YES_ERROR;
				CLANG_WARN_UNREACHABLE_CODE = YES;
				CLANG_WARN__DUPLICATE_METHOD_MATCH = YES;
				"CODE_SIGN_IDENTITY[sdk=iphoneos*]" = "iPhone Developer";
				COPY_PHASE_STRIP = NO;
				ENABLE_NS_ASSERTIONS = NO;
				ENABLE_STRICT_OBJC_MSGSEND = YES;
				GCC_C_LANGUAGE_STANDARD = gnu99;
				GCC_WARN_64_TO_32_BIT_CONVERSION = YES;
				GCC_WARN_ABOUT_RETURN_TYPE = YES_ERROR;
				GCC_WARN_UNDECLARED_SELECTOR = YES;
				GCC_WARN_UNINITIALIZED_AUTOS = YES_AGGRESSIVE;
				GCC_WARN_UNUSED_FUNCTION = YES;
				GCC_WARN_UNUSED_VARIABLE = YES;
				IPHONEOS_DEPLOYMENT_TARGET = 8.1;
				MTL_ENABLE_DEBUG_INFO = NO;
				SDKROOT = iphoneos;
				TARGETED_DEVICE_FAMILY = "1,2";
				VALIDATE_PRODUCT = YES;
			};
			name = Release;
		};
		C4CDD3BF1A5350B50087DD05 /* Debug */ = {
			isa = XCBuildConfiguration;
			baseConfigurationReference = C40C6BFB1A73C6DF00FAFA17 /* RSSReader-app.xcconfig */;
			buildSettings = {
				ASSETCATALOG_COMPILER_APPICON_NAME = AppIcon;
				CLANG_ENABLE_MODULES = YES;
				FRAMEWORK_SEARCH_PATHS = (
					"$(inherited)",
					"$(PROJECT_DIR)",
				);
				HEADER_SEARCH_PATHS = (
					"$(inherited)",
					"$(PROJECT_DIR)",
				);
				INFOPLIST_FILE = RSSReader/Info.plist;
				IPHONEOS_DEPLOYMENT_TARGET = 8.1;
				LD_RUNPATH_SEARCH_PATHS = "$(inherited) @executable_path/Frameworks";
				LIBRARY_SEARCH_PATHS = (
					"$(inherited)",
					"$(PROJECT_DIR)/Flurry",
				);
				PRODUCT_NAME = "$(TARGET_NAME)";
				SWIFT_OBJC_BRIDGING_HEADER = "RSSReader/RSSReader-Bridging-Header.h";
				SWIFT_OPTIMIZATION_LEVEL = "-Onone";
			};
			name = Debug;
		};
		C4CDD3C01A5350B50087DD05 /* Release */ = {
			isa = XCBuildConfiguration;
			baseConfigurationReference = C40C6BFB1A73C6DF00FAFA17 /* RSSReader-app.xcconfig */;
			buildSettings = {
				ASSETCATALOG_COMPILER_APPICON_NAME = AppIcon;
				CLANG_ENABLE_MODULES = YES;
				FRAMEWORK_SEARCH_PATHS = (
					"$(inherited)",
					"$(PROJECT_DIR)",
				);
				HEADER_SEARCH_PATHS = (
					"$(inherited)",
					"$(PROJECT_DIR)",
				);
				INFOPLIST_FILE = RSSReader/Info.plist;
				IPHONEOS_DEPLOYMENT_TARGET = 8.1;
				LD_RUNPATH_SEARCH_PATHS = "$(inherited) @executable_path/Frameworks";
				LIBRARY_SEARCH_PATHS = (
					"$(inherited)",
					"$(PROJECT_DIR)/Flurry",
				);
				PRODUCT_NAME = "$(TARGET_NAME)";
				SWIFT_OBJC_BRIDGING_HEADER = "RSSReader/RSSReader-Bridging-Header.h";
				SWIFT_OPTIMIZATION_LEVEL = "-Onone";
			};
			name = Release;
		};
		C4CDD3C21A5350B50087DD05 /* Debug */ = {
			isa = XCBuildConfiguration;
			buildSettings = {
				BUNDLE_LOADER = "$(TEST_HOST)";
				FRAMEWORK_SEARCH_PATHS = (
					"$(SDKROOT)/Developer/Library/Frameworks",
					"$(inherited)",
				);
				GCC_PREPROCESSOR_DEFINITIONS = (
					"DEBUG=1",
					"$(inherited)",
				);
				INFOPLIST_FILE = RSSReaderTests/Info.plist;
				LD_RUNPATH_SEARCH_PATHS = "$(inherited) @executable_path/Frameworks @loader_path/Frameworks";
				PRODUCT_NAME = "$(TARGET_NAME)";
				TEST_HOST = "$(BUILT_PRODUCTS_DIR)/RSSReader.app/RSSReader";
			};
			name = Debug;
		};
		C4CDD3C31A5350B50087DD05 /* Release */ = {
			isa = XCBuildConfiguration;
			buildSettings = {
				BUNDLE_LOADER = "$(TEST_HOST)";
				FRAMEWORK_SEARCH_PATHS = (
					"$(SDKROOT)/Developer/Library/Frameworks",
					"$(inherited)",
				);
				INFOPLIST_FILE = RSSReaderTests/Info.plist;
				LD_RUNPATH_SEARCH_PATHS = "$(inherited) @executable_path/Frameworks @loader_path/Frameworks";
				PRODUCT_NAME = "$(TARGET_NAME)";
				TEST_HOST = "$(BUILT_PRODUCTS_DIR)/RSSReader.app/RSSReader";
			};
			name = Release;
		};
/* End XCBuildConfiguration section */

/* Begin XCConfigurationList section */
		C4CDD3981A5350B40087DD05 /* Build configuration list for PBXProject "RSSReader" */ = {
			isa = XCConfigurationList;
			buildConfigurations = (
				C4CDD3BC1A5350B50087DD05 /* Debug */,
				C4CDD3BD1A5350B50087DD05 /* Release */,
			);
			defaultConfigurationIsVisible = 0;
			defaultConfigurationName = Release;
		};
		C4CDD3BE1A5350B50087DD05 /* Build configuration list for PBXNativeTarget "RSSReader" */ = {
			isa = XCConfigurationList;
			buildConfigurations = (
				C4CDD3BF1A5350B50087DD05 /* Debug */,
				C4CDD3C01A5350B50087DD05 /* Release */,
			);
			defaultConfigurationIsVisible = 0;
			defaultConfigurationName = Release;
		};
		C4CDD3C11A5350B50087DD05 /* Build configuration list for PBXNativeTarget "RSSReaderTests" */ = {
			isa = XCConfigurationList;
			buildConfigurations = (
				C4CDD3C21A5350B50087DD05 /* Debug */,
				C4CDD3C31A5350B50087DD05 /* Release */,
			);
			defaultConfigurationIsVisible = 0;
			defaultConfigurationName = Release;
		};
/* End XCConfigurationList section */

/* Begin XCVersionGroup section */
		C42802741A5C2E0D002474E1 /* RSSReader.xcdatamodeld */ = {
			isa = XCVersionGroup;
			children = (
				C404A6421A9D13F100F9C142 /* 218.xcdatamodel */,
				C4FD88541A5F4A390035E4D1 /* 81.xcdatamodel */,
				C4FD88531A5F14EA0035E4D1 /* 140.xcdatamodel */,
				C4676E841A6EE98400AE8BC2 /* current.xcdatamodel */,
				C45BC3EB1A8005D70008A5D1 /* 248.xcdatamodel */,
				C48F31951A609DBB002B2E36 /* 88.xcdatamodel */,
				C42802751A5C2E0D002474E1 /* 31.xcdatamodel */,
				C42802761A5C2E0D002474E1 /* 43.xcdatamodel */,
				C42802771A5C2E0D002474E1 /* 70.xcdatamodel */,
				C401C65A1A5C73CF00CF6AA4 /* 47.xcdatamodel */,
			);
			currentVersion = C4676E841A6EE98400AE8BC2 /* current.xcdatamodel */;
			path = RSSReader.xcdatamodeld;
			sourceTree = "<group>";
			versionGroupType = wrapper.xcdatamodel;
		};
/* End XCVersionGroup section */
	};
	rootObject = C4CDD3951A5350B40087DD05 /* Project object */;
}
