<?xml version="1.0" encoding="UTF-8"?>
<Scheme
   LastUpgradeVersion = "0930"
   version = "1.3">
   <BuildAction
      parallelizeBuildables = "YES"
      buildImplicitDependencies = "YES">
   </BuildAction>
   <TestAction
      buildConfiguration = "Debug"
      selectedDebuggerIdentifier = "Xcode.DebuggerFoundation.Debugger.LLDB"
      selectedLauncherIdentifier = "Xcode.DebuggerFoundation.Launcher.LLDB"
      systemAttachmentLifetime = "keepAlways"
      codeCoverageEnabled = "YES"
      shouldUseLaunchSchemeArgsEnv = "NO">
      <Testables>
         <TestableReference
            skipped = "NO">
            <BuildableReference
               BuildableIdentifier = "primary"
               BlueprintIdentifier = "C41818691B6A65B100872EB3"
               BuildableName = "GETracingTests.xctest"
               BlueprintName = "GETracingTests"
               ReferencedContainer = "container:GETracing/GETracing.xcodeproj">
            </BuildableReference>
         </TestableReference>
         <TestableReference
            skipped = "NO">
            <BuildableReference
               BuildableIdentifier = "primary"
               BlueprintIdentifier = "C49FF15C1DBB98F100A86CC0"
               BuildableName = "GECoreDataTests.xctest"
               BlueprintName = "GECoreDataTests"
               ReferencedContainer = "container:GECoreData/GECoreData.xcodeproj">
            </BuildableReference>
         </TestableReference>
         <TestableReference
            skipped = "NO">
            <BuildableReference
               BuildableIdentifier = "primary"
               BlueprintIdentifier = "C49FF1021DBB981300A86CC0"
               BuildableName = "GEFoundationTests.xctest"
               BlueprintName = "GEFoundationTests"
               ReferencedContainer = "container:GEFoundation/GEFoundation.xcodeproj">
            </BuildableReference>
         </TestableReference>
         <TestableReference
            skipped = "NO">
            <BuildableReference
               BuildableIdentifier = "primary"
               BlueprintIdentifier = "C49FF1261DBB985400A86CC0"
               BuildableName = "GEUIKitTests.xctest"
               BlueprintName = "GEUIKitTests"
               ReferencedContainer = "container:GEUIKit/GEUIKit.xcodeproj">
            </BuildableReference>
         </TestableReference>
         <TestableReference
            skipped = "NO">
            <BuildableReference
               BuildableIdentifier = "primary"
               BlueprintIdentifier = "C48F79A71C008D0E00CC6F74"
               BuildableName = "RSSReaderDataTests.xctest"
               BlueprintName = "RSSReaderDataTests"
               ReferencedContainer = "container:RSSReaderData/RSSReaderData.xcodeproj">
            </BuildableReference>
         </TestableReference>
         <TestableReference
            skipped = "NO">
            <BuildableReference
               BuildableIdentifier = "primary"
               BlueprintIdentifier = "C4BE5A841DA85DA100E1734F"
               BuildableName = "RSSReaderAppConfigTests.xctest"
               BlueprintName = "RSSReaderAppConfigTests"
               ReferencedContainer = "container:RSSReaderAppConfig/RSSReaderAppConfig.xcodeproj">
            </BuildableReference>
         </TestableReference>
         <TestableReference
            skipped = "NO">
            <BuildableReference
               BuildableIdentifier = "primary"
               BlueprintIdentifier = "C444F53B1B2E53F200A6E378"
               BuildableName = "RSSReaderUITests.xctest"
               BlueprintName = "RSSReaderUITests"
               ReferencedContainer = "container:RSSReader/RSSReader.xcodeproj">
            </BuildableReference>
         </TestableReference>
      </Testables>
      <AdditionalOptions>
      </AdditionalOptions>
   </TestAction>
   <LaunchAction
      buildConfiguration = "Debug"
      selectedDebuggerIdentifier = "Xcode.DebuggerFoundation.Debugger.LLDB"
      selectedLauncherIdentifier = "Xcode.DebuggerFoundation.Launcher.LLDB"
      launchStyle = "0"
      useCustomWorkingDirectory = "NO"
      ignoresPersistentStateOnLaunch = "NO"
      debugDocumentVersioning = "YES"
      debugServiceExtension = "internal"
      allowLocationSimulation = "YES">
      <AdditionalOptions>
      </AdditionalOptions>
   </LaunchAction>
   <ProfileAction
      buildConfiguration = "Release"
      shouldUseLaunchSchemeArgsEnv = "YES"
      savedToolIdentifier = ""
      useCustomWorkingDirectory = "NO"
      debugDocumentVersioning = "YES">
   </ProfileAction>
   <AnalyzeAction
      buildConfiguration = "Debug">
   </AnalyzeAction>
   <ArchiveAction
      buildConfiguration = "Release"
      revealArchiveInOrganizer = "YES">
   </ArchiveAction>
</Scheme>
