<?xml version="1.0" encoding="UTF-8"?>
<Scheme
   LastUpgradeVersion = "0920"
   version = "1.3">
   <BuildAction
      parallelizeBuildables = "YES"
      buildImplicitDependencies = "YES">
      <BuildActionEntries>
         <BuildActionEntry
            buildForTesting = "YES"
            buildForRunning = "YES"
            buildForProfiling = "YES"
            buildForArchiving = "YES"
            buildForAnalyzing = "YES">
            <BuildableReference
               BuildableIdentifier = "primary"
               BlueprintIdentifier = "C4CDD39C1A5350B40087DD05"
               BuildableName = "RSSReader.app"
               BlueprintName = "RSSReader"
               ReferencedContainer = "container:RSSReader.xcodeproj">
            </BuildableReference>
         </BuildActionEntry>
         <BuildActionEntry
            buildForTesting = "YES"
            buildForRunning = "YES"
            buildForProfiling = "NO"
            buildForArchiving = "NO"
            buildForAnalyzing = "YES">
            <BuildableReference
               BuildableIdentifier = "primary"
               BlueprintIdentifier = "C4CDD3B31A5350B50087DD05"
               BuildableName = "RSSReaderTests.xctest"
               BlueprintName = "RSSReaderTests"
               ReferencedContainer = "container:RSSReader.xcodeproj">
            </BuildableReference>
         </BuildActionEntry>
      </BuildActionEntries>
   </BuildAction>
   <TestAction
      buildConfiguration = "Debug"
      selectedDebuggerIdentifier = "Xcode.DebuggerFoundation.Debugger.LLDB"
      selectedLauncherIdentifier = "Xcode.DebuggerFoundation.Launcher.LLDB"
      language = ""
      shouldUseLaunchSchemeArgsEnv = "YES">
      <Testables>
         <TestableReference
            skipped = "YES">
            <BuildableReference
               BuildableIdentifier = "primary"
               BlueprintIdentifier = "C4CDD3B31A5350B50087DD05"
               BuildableName = "RSSReaderTests.xctest"
               BlueprintName = "RSSReaderTests"
               ReferencedContainer = "container:RSSReader.xcodeproj">
            </BuildableReference>
         </TestableReference>
         <TestableReference
            skipped = "NO">
            <BuildableReference
               BuildableIdentifier = "primary"
               BlueprintIdentifier = "C444F53B1B2E53F200A6E378"
               BuildableName = "RSSReaderUITests.xctest"
               BlueprintName = "RSSReaderUITests"
               ReferencedContainer = "container:RSSReader.xcodeproj">
            </BuildableReference>
         </TestableReference>
      </Testables>
      <MacroExpansion>
         <BuildableReference
            BuildableIdentifier = "primary"
            BlueprintIdentifier = "C4CDD39C1A5350B40087DD05"
            BuildableName = "RSSReader.app"
            BlueprintName = "RSSReader"
            ReferencedContainer = "container:RSSReader.xcodeproj">
         </BuildableReference>
      </MacroExpansion>
      <AdditionalOptions>
      </AdditionalOptions>
   </TestAction>
   <LaunchAction
      buildConfiguration = "Debug"
      selectedDebuggerIdentifier = "Xcode.DebuggerFoundation.Debugger.LLDB"
      selectedLauncherIdentifier = "Xcode.DebuggerFoundation.Launcher.LLDB"
      language = ""
      launchStyle = "0"
      useCustomWorkingDirectory = "NO"
      ignoresPersistentStateOnLaunch = "NO"
      debugDocumentVersioning = "YES"
      debugServiceExtension = "internal"
      allowLocationSimulation = "NO">
      <BuildableProductRunnable
         runnableDebuggingMode = "0">
         <BuildableReference
            BuildableIdentifier = "primary"
            BlueprintIdentifier = "C4CDD39C1A5350B40087DD05"
            BuildableName = "RSSReader.app"
            BlueprintName = "RSSReader"
            ReferencedContainer = "container:RSSReader.xcodeproj">
         </BuildableReference>
      </BuildableProductRunnable>
      <CommandLineArguments>
         <CommandLineArgument
            argument = "-forceStoreRemoval YES"
            isEnabled = "NO">
         </CommandLineArgument>
         <CommandLineArgument
            argument = "-showContainerTitleInTableHeader YES"
            isEnabled = "YES">
         </CommandLineArgument>
         <CommandLineArgument
            argument = "-progressIndicatorInFooterEnabled YES"
            isEnabled = "YES">
         </CommandLineArgument>
         <CommandLineArgument
            argument = "-multipleBackgroundContextsEnabled YES"
            isEnabled = "NO">
         </CommandLineArgument>
         <CommandLineArgument
            argument = "-traceEnabled YES"
            isEnabled = "YES">
         </CommandLineArgument>
         <CommandLineArgument
            argument = "-sourceLabelsEnabled YES"
            isEnabled = "YES">
         </CommandLineArgument>
         <CommandLineArgument
            argument = "-showOwnItemsCount YES"
            isEnabled = "YES">
         </CommandLineArgument>
         <CommandLineArgument
            argument = "-showAllItemsCount NO"
            isEnabled = "NO">
         </CommandLineArgument>
         <CommandLineArgument
            argument = "-itemPrefetchingEnabled NO"
            isEnabled = "NO">
         </CommandLineArgument>
         <CommandLineArgument
            argument = "-persistentContainerEnabled NO"
            isEnabled = "NO">
         </CommandLineArgument>
         <CommandLineArgument
            argument = "-loadOnScrollDisabled YES"
            isEnabled = "NO">
         </CommandLineArgument>
         <CommandLineArgument
            argument = "-defaultLogKind print"
            isEnabled = "YES">
         </CommandLineArgument>
         <CommandLineArgument
            argument = "-loadItemsUntilLast YES"
            isEnabled = "NO">
         </CommandLineArgument>
         <CommandLineArgument
            argument = "-obtainPermanentObjectIDsForRSSData YES"
            isEnabled = "NO">
         </CommandLineArgument>
         <CommandLineArgument
            argument = "-resetBackgroundQueueMOCAfterSavingRSSData YES"
            isEnabled = "NO">
         </CommandLineArgument>
         <CommandLineArgument
            argument = "-batchSavingEnabled NO"
            isEnabled = "NO">
         </CommandLineArgument>
         <CommandLineArgument
            argument = "-savingDisabled YES"
            isEnabled = "NO">
         </CommandLineArgument>
         <CommandLineArgument
            argument = "-reloadDataForTableUpdatesEnabled YES"
            isEnabled = "NO">
         </CommandLineArgument>
         <CommandLineArgument
            argument = "-allowMissingSourceModelError YES"
            isEnabled = "NO">
         </CommandLineArgument>
         <CommandLineArgument
            argument = "-fixedHeightItemRowsEnabled YES"
            isEnabled = "NO">
         </CommandLineArgument>
         <CommandLineArgument
            argument = "-frequencyAndWeightBasedTableRowHeightEstimatorEnabled NO"
            isEnabled = "NO">
         </CommandLineArgument>
         <CommandLineArgument
            argument = "-fetchResultsAnimationEnabled YES"
            isEnabled = "NO">
         </CommandLineArgument>
         <CommandLineArgument
            argument = "-updateCellsInPlaceEnabled YES"
            isEnabled = "YES">
         </CommandLineArgument>
         <CommandLineArgument
            argument = "-dumpInTraceEnabled YES"
            isEnabled = "NO">
         </CommandLineArgument>
         <CommandLineArgument
            argument = "-resetDefaults YES"
            isEnabled = "NO">
         </CommandLineArgument>
         <CommandLineArgument
            argument = "-memoryProfilingEnabled YES"
            isEnabled = "NO">
         </CommandLineArgument>
         <CommandLineArgument
            argument = "-cellSystemLayoutSizeCachingEnabled NO"
            isEnabled = "NO">
         </CommandLineArgument>
         <CommandLineArgument
            argument = "-cellHeightCachingEnabled NO"
            isEnabled = "NO">
         </CommandLineArgument>
         <CommandLineArgument
            argument = "-fetchBatchSize 20"
            isEnabled = "NO">
         </CommandLineArgument>
         <CommandLineArgument
            argument = "-coreDataCachingEnabled YES"
            isEnabled = "NO">
         </CommandLineArgument>
         <CommandLineArgument
            argument = "-analyticsEnabled YES"
            isEnabled = "NO">
         </CommandLineArgument>
         <CommandLineArgument
            argument = "-stateRestorationEnabled NO"
            isEnabled = "NO">
         </CommandLineArgument>
         <CommandLineArgument
            argument = "-com.apple.CoreData.SQLDebug 1"
            isEnabled = "NO">
         </CommandLineArgument>
         <CommandLineArgument
            argument = "-com.apple.CoreData.ConcurrencyDebug 1"
            isEnabled = "NO">
         </CommandLineArgument>
      </CommandLineArguments>
      <EnvironmentVariables>
         <EnvironmentVariable
            key = "OS_ACTIVITY_MODE"
            value = "debug"
            isEnabled = "NO">
         </EnvironmentVariable>
         <EnvironmentVariable
            key = "DYLD_PRINT_STATISTICS_DETAILS"
            value = "1"
            isEnabled = "NO">
         </EnvironmentVariable>
      </EnvironmentVariables>
      <AdditionalOptions>
         <AdditionalOption
            key = "NSZombieEnabled"
            value = "YES"
            isEnabled = "YES">
         </AdditionalOption>
      </AdditionalOptions>
   </LaunchAction>
   <ProfileAction
      buildConfiguration = "Release"
      shouldUseLaunchSchemeArgsEnv = "NO"
      savedToolIdentifier = ""
      useCustomWorkingDirectory = "NO"
      debugDocumentVersioning = "YES">
      <BuildableProductRunnable
         runnableDebuggingMode = "0">
         <BuildableReference
            BuildableIdentifier = "primary"
            BlueprintIdentifier = "C4CDD39C1A5350B40087DD05"
            BuildableName = "RSSReader.app"
            BlueprintName = "RSSReader"
            ReferencedContainer = "container:RSSReader.xcodeproj">
         </BuildableReference>
      </BuildableProductRunnable>
      <CommandLineArguments>
         <CommandLineArgument
            argument = "-allowMissingSourceModelError YES"
            isEnabled = "NO">
         </CommandLineArgument>
         <CommandLineArgument
            argument = "-analyticsEnabled NO"
            isEnabled = "YES">
         </CommandLineArgument>
         <CommandLineArgument
            argument = "-traceLabelsEnabled NO"
            isEnabled = "YES">
         </CommandLineArgument>
         <CommandLineArgument
            argument = "-traceEnabled NO"
            isEnabled = "YES">
         </CommandLineArgument>
         <CommandLineArgument
            argument = "-forceStoreRemoval YES"
            isEnabled = "NO">
         </CommandLineArgument>
         <CommandLineArgument
            argument = "-stateRestorationDisabled YES"
            isEnabled = "YES">
         </CommandLineArgument>
         <CommandLineArgument
            argument = "-com.apple.CoreData.SQLDebug 1"
            isEnabled = "NO">
         </CommandLineArgument>
         <CommandLineArgument
            argument = "-com.apple.CoreData.ConcurrencyDebug 1"
            isEnabled = "NO">
         </CommandLineArgument>
      </CommandLineArguments>
   </ProfileAction>
   <AnalyzeAction
      buildConfiguration = "Debug">
   </AnalyzeAction>
   <ArchiveAction
      buildConfiguration = "Release"
      revealArchiveInOrganizer = "YES">
   </ArchiveAction>
</Scheme>
