// !$*UTF8*$!
{
	archiveVersion = 1;
	classes = {
	};
	objectVersion = 48;
	objects = {

/* Begin PBXBuildFile section */
		A10336891FE4545E0096330F /* Colors.xcassets in Resources */ = {isa = PBXBuildFile; fileRef = A10336881FE4545E0096330F /* Colors.xcassets */; };
		A10336901FE5FD3C0096330F /* FPSCounter.framework in Frameworks */ = {isa = PBXBuildFile; fileRef = A10336911FE5FD3C0096330F /* FPSCounter.framework */; };
		A10336921FE5FF720096330F /* FBAllocationTracker.framework in Frameworks */ = {isa = PBXBuildFile; fileRef = A10336941FE5FF720096330F /* FBAllocationTracker.framework */; };
		A10336931FE5FF720096330F /* FBMemoryProfiler.framework in Frameworks */ = {isa = PBXBuildFile; fileRef = A10336951FE5FF720096330F /* FBMemoryProfiler.framework */; };
		A10336961FE5FF840096330F /* Loggy.framework in Frameworks */ = {isa = PBXBuildFile; fileRef = A10336971FE5FF840096330F /* Loggy.framework */; };
		A10336A71FE6C74E0096330F /* FPSMonitoring.swift in Sources */ = {isa = PBXBuildFile; fileRef = A10336A61FE6C74E0096330F /* FPSMonitoring.swift */; };
		A176B20E1FD5D95000E945E9 /* GEDebugKit.framework in Frameworks */ = {isa = PBXBuildFile; fileRef = A176B2041FD5D94F00E945E9 /* GEDebugKit.framework */; };
		A176B2131FD5D95000E945E9 /* GEDebugKitTests.swift in Sources */ = {isa = PBXBuildFile; fileRef = A176B2121FD5D95000E945E9 /* GEDebugKitTests.swift */; };
		A176B2151FD5D95000E945E9 /* GEDebugKit.h in Headers */ = {isa = PBXBuildFile; fileRef = A176B2071FD5D94F00E945E9 /* GEDebugKit.h */; settings = {ATTRIBUTES = (Public, ); }; };
		A176B21F1FD5DACF00E945E9 /* Debug.storyboard in Resources */ = {isa = PBXBuildFile; fileRef = A176B21E1FD5DACF00E945E9 /* Debug.storyboard */; };
		A176B2251FD69C6500E945E9 /* DebugViewController.swift in Sources */ = {isa = PBXBuildFile; fileRef = A176B2241FD69C6500E945E9 /* DebugViewController.swift */; };
		A176B2271FD69CAC00E945E9 /* GEUIKit.framework in Frameworks */ = {isa = PBXBuildFile; fileRef = A176B2281FD69CAC00E945E9 /* GEUIKit.framework */; };
		A1839A161FD88064003313D6 /* Debugging.swift in Sources */ = {isa = PBXBuildFile; fileRef = A1839A151FD88064003313D6 /* Debugging.swift */; };
		A1839A1C1FD8866B003313D6 /* ModuleExports-GEFoundation.swift in Sources */ = {isa = PBXBuildFile; fileRef = A1839A1B1FD8866B003313D6 /* ModuleExports-GEFoundation.swift */; };
		A18DB4351FD8214900254FF8 /* Defaults.swift in Sources */ = {isa = PBXBuildFile; fileRef = A18DB4341FD8214900254FF8 /* Defaults.swift */; };
		A1CE70861FDE24890080D832 /* ObjectDetailViewController.swift in Sources */ = {isa = PBXBuildFile; fileRef = A1CE70851FDE24890080D832 /* ObjectDetailViewController.swift */; };
		A1CE708A1FDE2A290080D832 /* ObjectsViewController.swift in Sources */ = {isa = PBXBuildFile; fileRef = A1CE70891FDE2A290080D832 /* ObjectsViewController.swift */; };
		A1FB04171FDB0569008D14E4 /* GenerationViewController.swift in Sources */ = {isa = PBXBuildFile; fileRef = A1FB04161FDB0569008D14E4 /* GenerationViewController.swift */; };
		A1FB041D1FDC4AAA008D14E4 /* WeakReference.swift in Sources */ = {isa = PBXBuildFile; fileRef = A1FB041C1FDC4AAA008D14E4 /* WeakReference.swift */; };
		A1FB041F1FDC4E59008D14E4 /* AliveObjects.swift in Sources */ = {isa = PBXBuildFile; fileRef = A1FB041E1FDC4E59008D14E4 /* AliveObjects.swift */; };
		A1FB04211FDC4F16008D14E4 /* ModuleExports-GETracing.swift in Sources */ = {isa = PBXBuildFile; fileRef = A1FB04201FDC4F15008D14E4 /* ModuleExports-GETracing.swift */; };
		C43189B81FDC9AE4003E571E /* Images.xcassets in Resources */ = {isa = PBXBuildFile; fileRef = C43189B71FDC9AE4003E571E /* Images.xcassets */; };
/* End PBXBuildFile section */

/* Begin PBXContainerItemProxy section */
		A176B20F1FD5D95000E945E9 /* PBXContainerItemProxy */ = {
			isa = PBXContainerItemProxy;
			containerPortal = A176B1FB1FD5D94F00E945E9 /* Project object */;
			proxyType = 1;
			remoteGlobalIDString = A176B2031FD5D94F00E945E9;
			remoteInfo = GEDebugKit;
		};
/* End PBXContainerItemProxy section */

/* Begin PBXFileReference section */
		A10336881FE4545E0096330F /* Colors.xcassets */ = {isa = PBXFileReference; lastKnownFileType = folder.assetcatalog; path = Colors.xcassets; sourceTree = "<group>"; };
		A10336911FE5FD3C0096330F /* FPSCounter.framework */ = {isa = PBXFileReference; explicitFileType = wrapper.framework; path = FPSCounter.framework; sourceTree = BUILT_PRODUCTS_DIR; };
		A10336941FE5FF720096330F /* FBAllocationTracker.framework */ = {isa = PBXFileReference; explicitFileType = wrapper.framework; path = FBAllocationTracker.framework; sourceTree = BUILT_PRODUCTS_DIR; };
		A10336951FE5FF720096330F /* FBMemoryProfiler.framework */ = {isa = PBXFileReference; explicitFileType = wrapper.framework; path = FBMemoryProfiler.framework; sourceTree = BUILT_PRODUCTS_DIR; };
		A10336971FE5FF840096330F /* Loggy.framework */ = {isa = PBXFileReference; explicitFileType = wrapper.framework; path = Loggy.framework; sourceTree = BUILT_PRODUCTS_DIR; };
		A10336A61FE6C74E0096330F /* FPSMonitoring.swift */ = {isa = PBXFileReference; lastKnownFileType = sourcecode.swift; path = FPSMonitoring.swift; sourceTree = "<group>"; };
		A176B2041FD5D94F00E945E9 /* GEDebugKit.framework */ = {isa = PBXFileReference; explicitFileType = wrapper.framework; includeInIndex = 0; path = GEDebugKit.framework; sourceTree = BUILT_PRODUCTS_DIR; };
		A176B2071FD5D94F00E945E9 /* GEDebugKit.h */ = {isa = PBXFileReference; lastKnownFileType = sourcecode.c.h; path = GEDebugKit.h; sourceTree = "<group>"; };
		A176B2081FD5D94F00E945E9 /* Info.plist */ = {isa = PBXFileReference; lastKnownFileType = text.plist.xml; path = Info.plist; sourceTree = "<group>"; };
		A176B20D1FD5D95000E945E9 /* GEDebugKitTests.xctest */ = {isa = PBXFileReference; explicitFileType = wrapper.cfbundle; includeInIndex = 0; path = GEDebugKitTests.xctest; sourceTree = BUILT_PRODUCTS_DIR; };
		A176B2121FD5D95000E945E9 /* GEDebugKitTests.swift */ = {isa = PBXFileReference; lastKnownFileType = sourcecode.swift; path = GEDebugKitTests.swift; sourceTree = "<group>"; };
		A176B2141FD5D95000E945E9 /* Info.plist */ = {isa = PBXFileReference; lastKnownFileType = text.plist.xml; path = Info.plist; sourceTree = "<group>"; };
		A176B21E1FD5DACF00E945E9 /* Debug.storyboard */ = {isa = PBXFileReference; fileEncoding = 4; lastKnownFileType = file.storyboard; path = Debug.storyboard; sourceTree = "<group>"; };
		A176B2201FD5DB6000E945E9 /* GEShared.xcconfig */ = {isa = PBXFileReference; lastKnownFileType = text.xcconfig; name = GEShared.xcconfig; path = ../XcodeConfiguration/GEShared.xcconfig; sourceTree = "<group>"; };
		A176B2241FD69C6500E945E9 /* DebugViewController.swift */ = {isa = PBXFileReference; lastKnownFileType = sourcecode.swift; path = DebugViewController.swift; sourceTree = "<group>"; };
		A176B2281FD69CAC00E945E9 /* GEUIKit.framework */ = {isa = PBXFileReference; explicitFileType = wrapper.framework; path = GEUIKit.framework; sourceTree = BUILT_PRODUCTS_DIR; };
		A1839A151FD88064003313D6 /* Debugging.swift */ = {isa = PBXFileReference; fileEncoding = 4; lastKnownFileType = sourcecode.swift; path = Debugging.swift; sourceTree = "<group>"; };
		A1839A1B1FD8866B003313D6 /* ModuleExports-GEFoundation.swift */ = {isa = PBXFileReference; fileEncoding = 4; lastKnownFileType = sourcecode.swift; name = "ModuleExports-GEFoundation.swift"; path = "../GEFoundation/GEFoundation/ModuleExports-GEFoundation.swift"; sourceTree = "<group>"; };
		A18DB4341FD8214900254FF8 /* Defaults.swift */ = {isa = PBXFileReference; lastKnownFileType = sourcecode.swift; path = Defaults.swift; sourceTree = "<group>"; };
		A1CE70851FDE24890080D832 /* ObjectDetailViewController.swift */ = {isa = PBXFileReference; lastKnownFileType = sourcecode.swift; path = ObjectDetailViewController.swift; sourceTree = "<group>"; };
		A1CE70891FDE2A290080D832 /* ObjectsViewController.swift */ = {isa = PBXFileReference; lastKnownFileType = sourcecode.swift; path = ObjectsViewController.swift; sourceTree = "<group>"; };
		A1FB04161FDB0569008D14E4 /* GenerationViewController.swift */ = {isa = PBXFileReference; lastKnownFileType = sourcecode.swift; path = GenerationViewController.swift; sourceTree = "<group>"; };
		A1FB041C1FDC4AAA008D14E4 /* WeakReference.swift */ = {isa = PBXFileReference; lastKnownFileType = sourcecode.swift; path = WeakReference.swift; sourceTree = "<group>"; };
		A1FB041E1FDC4E59008D14E4 /* AliveObjects.swift */ = {isa = PBXFileReference; lastKnownFileType = sourcecode.swift; path = AliveObjects.swift; sourceTree = "<group>"; };
		A1FB04201FDC4F15008D14E4 /* ModuleExports-GETracing.swift */ = {isa = PBXFileReference; fileEncoding = 4; lastKnownFileType = sourcecode.swift; name = "ModuleExports-GETracing.swift"; path = "../GETracing/GETracing/ModuleExports-GETracing.swift"; sourceTree = "<group>"; };
		C43189B71FDC9AE4003E571E /* Images.xcassets */ = {isa = PBXFileReference; lastKnownFileType = folder.assetcatalog; path = Images.xcassets; sourceTree = "<group>"; };
/* End PBXFileReference section */

/* Begin PBXFrameworksBuildPhase section */
		A176B2001FD5D94F00E945E9 /* Frameworks */ = {
			isa = PBXFrameworksBuildPhase;
			buildActionMask = 2147483647;
			files = (
				A10336961FE5FF840096330F /* Loggy.framework in Frameworks */,
				A10336921FE5FF720096330F /* FBAllocationTracker.framework in Frameworks */,
				A10336931FE5FF720096330F /* FBMemoryProfiler.framework in Frameworks */,
				A10336901FE5FD3C0096330F /* FPSCounter.framework in Frameworks */,
				A176B2271FD69CAC00E945E9 /* GEUIKit.framework in Frameworks */,
			);
			runOnlyForDeploymentPostprocessing = 0;
		};
		A176B20A1FD5D95000E945E9 /* Frameworks */ = {
			isa = PBXFrameworksBuildPhase;
			buildActionMask = 2147483647;
			files = (
				A176B20E1FD5D95000E945E9 /* GEDebugKit.framework in Frameworks */,
			);
			runOnlyForDeploymentPostprocessing = 0;
		};
/* End PBXFrameworksBuildPhase section */

/* Begin PBXGroup section */
		A176B1FA1FD5D94F00E945E9 = {
			isa = PBXGroup;
			children = (
				A176B2201FD5DB6000E945E9 /* GEShared.xcconfig */,
				A176B2061FD5D94F00E945E9 /* GEDebugKit */,
				A176B2111FD5D95000E945E9 /* GEDebugKitTests */,
				A176B2051FD5D94F00E945E9 /* Products */,
				A176B2261FD69CAC00E945E9 /* Frameworks */,
			);
			sourceTree = "<group>";
		};
		A176B2051FD5D94F00E945E9 /* Products */ = {
			isa = PBXGroup;
			children = (
				A176B2041FD5D94F00E945E9 /* GEDebugKit.framework */,
				A176B20D1FD5D95000E945E9 /* GEDebugKitTests.xctest */,
			);
			name = Products;
			sourceTree = "<group>";
		};
		A176B2061FD5D94F00E945E9 /* GEDebugKit */ = {
			isa = PBXGroup;
			children = (
				A18DB4341FD8214900254FF8 /* Defaults.swift */,
				A1839A151FD88064003313D6 /* Debugging.swift */,
				A10336A61FE6C74E0096330F /* FPSMonitoring.swift */,
				A176B2241FD69C6500E945E9 /* DebugViewController.swift */,
				A176B21E1FD5DACF00E945E9 /* Debug.storyboard */,
				A1FB04161FDB0569008D14E4 /* GenerationViewController.swift */,
				A1CE70891FDE2A290080D832 /* ObjectsViewController.swift */,
				A1CE70851FDE24890080D832 /* ObjectDetailViewController.swift */,
				C43189B71FDC9AE4003E571E /* Images.xcassets */,
				A10336881FE4545E0096330F /* Colors.xcassets */,
				A1FB041E1FDC4E59008D14E4 /* AliveObjects.swift */,
				A1FB041C1FDC4AAA008D14E4 /* WeakReference.swift */,
				A176B2071FD5D94F00E945E9 /* GEDebugKit.h */,
				A176B2081FD5D94F00E945E9 /* Info.plist */,
			);
			path = GEDebugKit;
			sourceTree = "<group>";
		};
		A176B2111FD5D95000E945E9 /* GEDebugKitTests */ = {
			isa = PBXGroup;
			children = (
				A176B2121FD5D95000E945E9 /* GEDebugKitTests.swift */,
				A176B2141FD5D95000E945E9 /* Info.plist */,
			);
			path = GEDebugKitTests;
			sourceTree = "<group>";
		};
		A176B2261FD69CAC00E945E9 /* Frameworks */ = {
			isa = PBXGroup;
			children = (
				A10336971FE5FF840096330F /* Loggy.framework */,
				A10336941FE5FF720096330F /* FBAllocationTracker.framework */,
				A10336951FE5FF720096330F /* FBMemoryProfiler.framework */,
				A10336911FE5FD3C0096330F /* FPSCounter.framework */,
				A1FB04201FDC4F15008D14E4 /* ModuleExports-GETracing.swift */,
				A1839A1B1FD8866B003313D6 /* ModuleExports-GEFoundation.swift */,
				A176B2281FD69CAC00E945E9 /* GEUIKit.framework */,
			);
			name = Frameworks;
			sourceTree = "<group>";
		};
/* End PBXGroup section */

/* Begin PBXHeadersBuildPhase section */
		A176B2011FD5D94F00E945E9 /* Headers */ = {
			isa = PBXHeadersBuildPhase;
			buildActionMask = 2147483647;
			files = (
				A176B2151FD5D95000E945E9 /* GEDebugKit.h in Headers */,
			);
			runOnlyForDeploymentPostprocessing = 0;
		};
/* End PBXHeadersBuildPhase section */

/* Begin PBXNativeTarget section */
		A176B2031FD5D94F00E945E9 /* GEDebugKit */ = {
			isa = PBXNativeTarget;
			buildConfigurationList = A176B2181FD5D95000E945E9 /* Build configuration list for PBXNativeTarget "GEDebugKit" */;
			buildPhases = (
				A176B1FF1FD5D94F00E945E9 /* Sources */,
				A176B2001FD5D94F00E945E9 /* Frameworks */,
				A176B2011FD5D94F00E945E9 /* Headers */,
				A176B2021FD5D94F00E945E9 /* Resources */,
			);
			buildRules = (
			);
			dependencies = (
			);
			name = GEDebugKit;
			productName = GEDebugKit;
			productReference = A176B2041FD5D94F00E945E9 /* GEDebugKit.framework */;
			productType = "com.apple.product-type.framework";
		};
		A176B20C1FD5D95000E945E9 /* GEDebugKitTests */ = {
			isa = PBXNativeTarget;
			buildConfigurationList = A176B21B1FD5D95000E945E9 /* Build configuration list for PBXNativeTarget "GEDebugKitTests" */;
			buildPhases = (
				A176B2091FD5D95000E945E9 /* Sources */,
				A176B20A1FD5D95000E945E9 /* Frameworks */,
				A176B20B1FD5D95000E945E9 /* Resources */,
			);
			buildRules = (
			);
			dependencies = (
				A176B2101FD5D95000E945E9 /* PBXTargetDependency */,
			);
			name = GEDebugKitTests;
			productName = GEDebugKitTests;
			productReference = A176B20D1FD5D95000E945E9 /* GEDebugKitTests.xctest */;
			productType = "com.apple.product-type.bundle.unit-test";
		};
/* End PBXNativeTarget section */

/* Begin PBXProject section */
		A176B1FB1FD5D94F00E945E9 /* Project object */ = {
			isa = PBXProject;
			attributes = {
				LastSwiftUpdateCheck = 0920;
				LastUpgradeCheck = 0920;
				ORGANIZATIONNAME = "Grigory Entin";
				TargetAttributes = {
					A176B2031FD5D94F00E945E9 = {
						CreatedOnToolsVersion = 9.2;
						LastSwiftMigration = 0920;
						ProvisioningStyle = Automatic;
					};
					A176B20C1FD5D95000E945E9 = {
						CreatedOnToolsVersion = 9.2;
						ProvisioningStyle = Automatic;
					};
				};
			};
			buildConfigurationList = A176B1FE1FD5D94F00E945E9 /* Build configuration list for PBXProject "GEDebugKit" */;
			compatibilityVersion = "Xcode 8.0";
			developmentRegion = en;
			hasScannedForEncodings = 0;
			knownRegions = (
				en,
			);
			mainGroup = A176B1FA1FD5D94F00E945E9;
			productRefGroup = A176B2051FD5D94F00E945E9 /* Products */;
			projectDirPath = "";
			projectRoot = "";
			targets = (
				A176B2031FD5D94F00E945E9 /* GEDebugKit */,
				A176B20C1FD5D95000E945E9 /* GEDebugKitTests */,
			);
		};
/* End PBXProject section */

/* Begin PBXResourcesBuildPhase section */
		A176B2021FD5D94F00E945E9 /* Resources */ = {
			isa = PBXResourcesBuildPhase;
			buildActionMask = 2147483647;
			files = (
				A10336891FE4545E0096330F /* Colors.xcassets in Resources */,
				A176B21F1FD5DACF00E945E9 /* Debug.storyboard in Resources */,
				C43189B81FDC9AE4003E571E /* Images.xcassets in Resources */,
			);
			runOnlyForDeploymentPostprocessing = 0;
		};
		A176B20B1FD5D95000E945E9 /* Resources */ = {
			isa = PBXResourcesBuildPhase;
			buildActionMask = 2147483647;
			files = (
			);
			runOnlyForDeploymentPostprocessing = 0;
		};
/* End PBXResourcesBuildPhase section */

/* Begin PBXSourcesBuildPhase section */
		A176B1FF1FD5D94F00E945E9 /* Sources */ = {
			isa = PBXSourcesBuildPhase;
			buildActionMask = 2147483647;
			files = (
				A176B2251FD69C6500E945E9 /* DebugViewController.swift in Sources */,
				A1839A1C1FD8866B003313D6 /* ModuleExports-GEFoundation.swift in Sources */,
				A1FB041D1FDC4AAA008D14E4 /* WeakReference.swift in Sources */,
				A1839A161FD88064003313D6 /* Debugging.swift in Sources */,
				A10336A71FE6C74E0096330F /* FPSMonitoring.swift in Sources */,
				A1CE70861FDE24890080D832 /* ObjectDetailViewController.swift in Sources */,
				A1FB04211FDC4F16008D14E4 /* ModuleExports-GETracing.swift in Sources */,
				A1CE708A1FDE2A290080D832 /* ObjectsViewController.swift in Sources */,
				A1FB041F1FDC4E59008D14E4 /* AliveObjects.swift in Sources */,
				A18DB4351FD8214900254FF8 /* Defaults.swift in Sources */,
				A1FB04171FDB0569008D14E4 /* GenerationViewController.swift in Sources */,
			);
			runOnlyForDeploymentPostprocessing = 0;
		};
		A176B2091FD5D95000E945E9 /* Sources */ = {
			isa = PBXSourcesBuildPhase;
			buildActionMask = 2147483647;
			files = (
				A176B2131FD5D95000E945E9 /* GEDebugKitTests.swift in Sources */,
			);
			runOnlyForDeploymentPostprocessing = 0;
		};
/* End PBXSourcesBuildPhase section */

/* Begin PBXTargetDependency section */
		A176B2101FD5D95000E945E9 /* PBXTargetDependency */ = {
			isa = PBXTargetDependency;
			target = A176B2031FD5D94F00E945E9 /* GEDebugKit */;
			targetProxy = A176B20F1FD5D95000E945E9 /* PBXContainerItemProxy */;
		};
/* End PBXTargetDependency section */

/* Begin XCBuildConfiguration section */
		A176B2161FD5D95000E945E9 /* Debug */ = {
			isa = XCBuildConfiguration;
			baseConfigurationReference = A176B2201FD5DB6000E945E9 /* GEShared.xcconfig */;
			buildSettings = {
				CODE_SIGN_IDENTITY = "iPhone Developer";
				CURRENT_PROJECT_VERSION = 1;
				ENABLE_TESTABILITY = YES;
				MTL_ENABLE_DEBUG_INFO = YES;
				ONLY_ACTIVE_ARCH = YES;
				VERSIONING_SYSTEM = "apple-generic";
				VERSION_INFO_PREFIX = "";
			};
			name = Debug;
		};
		A176B2171FD5D95000E945E9 /* Release */ = {
			isa = XCBuildConfiguration;
			baseConfigurationReference = A176B2201FD5DB6000E945E9 /* GEShared.xcconfig */;
			buildSettings = {
				CODE_SIGN_IDENTITY = "iPhone Developer";
				CURRENT_PROJECT_VERSION = 1;
				MTL_ENABLE_DEBUG_INFO = NO;
				SWIFT_OPTIMIZATION_LEVEL = "-Owholemodule";
				VERSIONING_SYSTEM = "apple-generic";
				VERSION_INFO_PREFIX = "";
			};
			name = Release;
		};
		A176B2191FD5D95000E945E9 /* Debug */ = {
			isa = XCBuildConfiguration;
			buildSettings = {
				CLANG_ENABLE_MODULES = YES;
				CODE_SIGN_IDENTITY = "";
				CODE_SIGN_STYLE = Automatic;
				DEFINES_MODULE = YES;
				DEVELOPMENT_TEAM = 465NA5BW7E;
				DYLIB_COMPATIBILITY_VERSION = 1;
				DYLIB_CURRENT_VERSION = 1;
				DYLIB_INSTALL_NAME_BASE = "@rpath";
				INFOPLIST_FILE = GEDebugKit/Info.plist;
				INSTALL_PATH = "$(LOCAL_LIBRARY_DIR)/Frameworks";
				LD_RUNPATH_SEARCH_PATHS = "$(inherited) @executable_path/Frameworks @loader_path/Frameworks";
				PRODUCT_BUNDLE_IDENTIFIER = com.grigorye.GEDebugKit;
				PRODUCT_NAME = "$(TARGET_NAME:c99extidentifier)";
				SKIP_INSTALL = YES;
				SWIFT_VERSION = 4.0;
				TARGETED_DEVICE_FAMILY = "1,2";
			};
			name = Debug;
		};
		A176B21A1FD5D95000E945E9 /* Release */ = {
			isa = XCBuildConfiguration;
			buildSettings = {
				CLANG_ENABLE_MODULES = YES;
				CODE_SIGN_IDENTITY = "";
				CODE_SIGN_STYLE = Automatic;
				DEFINES_MODULE = YES;
				DEVELOPMENT_TEAM = 465NA5BW7E;
				DYLIB_COMPATIBILITY_VERSION = 1;
				DYLIB_CURRENT_VERSION = 1;
				DYLIB_INSTALL_NAME_BASE = "@rpath";
				INFOPLIST_FILE = GEDebugKit/Info.plist;
				INSTALL_PATH = "$(LOCAL_LIBRARY_DIR)/Frameworks";
				LD_RUNPATH_SEARCH_PATHS = "$(inherited) @executable_path/Frameworks @loader_path/Frameworks";
				PRODUCT_BUNDLE_IDENTIFIER = com.grigorye.GEDebugKit;
				PRODUCT_NAME = "$(TARGET_NAME:c99extidentifier)";
				SKIP_INSTALL = YES;
				SWIFT_VERSION = 4.0;
				TARGETED_DEVICE_FAMILY = "1,2";
			};
			name = Release;
		};
		A176B21C1FD5D95000E945E9 /* Debug */ = {
			isa = XCBuildConfiguration;
			buildSettings = {
				ALWAYS_EMBED_SWIFT_STANDARD_LIBRARIES = YES;
				CODE_SIGN_STYLE = Automatic;
				DEVELOPMENT_TEAM = 465NA5BW7E;
				INFOPLIST_FILE = GEDebugKitTests/Info.plist;
				LD_RUNPATH_SEARCH_PATHS = "$(inherited) @executable_path/Frameworks @loader_path/Frameworks";
				PRODUCT_BUNDLE_IDENTIFIER = com.grigorye.GEDebugKitTests;
				PRODUCT_NAME = "$(TARGET_NAME)";
				SWIFT_VERSION = 4.0;
				TARGETED_DEVICE_FAMILY = "1,2";
			};
			name = Debug;
		};
		A176B21D1FD5D95000E945E9 /* Release */ = {
			isa = XCBuildConfiguration;
			buildSettings = {
				ALWAYS_EMBED_SWIFT_STANDARD_LIBRARIES = YES;
				CODE_SIGN_STYLE = Automatic;
				DEVELOPMENT_TEAM = 465NA5BW7E;
				INFOPLIST_FILE = GEDebugKitTests/Info.plist;
				LD_RUNPATH_SEARCH_PATHS = "$(inherited) @executable_path/Frameworks @loader_path/Frameworks";
				PRODUCT_BUNDLE_IDENTIFIER = com.grigorye.GEDebugKitTests;
				PRODUCT_NAME = "$(TARGET_NAME)";
				SWIFT_VERSION = 4.0;
				TARGETED_DEVICE_FAMILY = "1,2";
			};
			name = Release;
		};
/* End XCBuildConfiguration section */

/* Begin XCConfigurationList section */
		A176B1FE1FD5D94F00E945E9 /* Build configuration list for PBXProject "GEDebugKit" */ = {
			isa = XCConfigurationList;
			buildConfigurations = (
				A176B2161FD5D95000E945E9 /* Debug */,
				A176B2171FD5D95000E945E9 /* Release */,
			);
			defaultConfigurationIsVisible = 0;
			defaultConfigurationName = Release;
		};
		A176B2181FD5D95000E945E9 /* Build configuration list for PBXNativeTarget "GEDebugKit" */ = {
			isa = XCConfigurationList;
			buildConfigurations = (
				A176B2191FD5D95000E945E9 /* Debug */,
				A176B21A1FD5D95000E945E9 /* Release */,
			);
			defaultConfigurationIsVisible = 0;
			defaultConfigurationName = Release;
		};
		A176B21B1FD5D95000E945E9 /* Build configuration list for PBXNativeTarget "GEDebugKitTests" */ = {
			isa = XCConfigurationList;
			buildConfigurations = (
				A176B21C1FD5D95000E945E9 /* Debug */,
				A176B21D1FD5D95000E945E9 /* Release */,
			);
			defaultConfigurationIsVisible = 0;
			defaultConfigurationName = Release;
		};
/* End XCConfigurationList section */
	};
	rootObject = A176B1FB1FD5D94F00E945E9 /* Project object */;
}
